PODS:
  - Charts (3.6.0):
    - Charts/Core (= 3.6.0)
  - Charts/Core (3.6.0)
  - CleanyModal (1.0.3)
  - Eureka (5.3.3)
  - Hero (1.6.1)
  - IQKeyboardManagerSwift (6.5.6)
  - JGProgressHUD (2.2)
  - Kingfisher (5.15.8):
    - Kingfisher/Core (= 5.15.8)
  - Kingfisher/Core (5.15.8)
  - lottie-ios (3.2.3)
  - MBProgressHUD (1.2.0)
  - SkeletonView (1.25.1)
  - XCoordinator/Combine (2.0.7):
    - XCoordinator/Core
  - XCoordinator/Core (2.0.7)
  - youtube-ios-player-helper (1.0.3)

DEPENDENCIES:
  - Charts
  - CleanyModal
  - Eureka
  - Hero
  - IQKeyboardManagerSwift
  - JGProgressHUD
  - Kingfisher (~> 5.15.8)
  - lottie-ios
  - MBProgressHUD (~> 1.2.0)
  - SkeletonView
  - XCoordinator/Combine (~> 2.0)
  - youtube-ios-player-helper

SPEC REPOS:
  trunk:
    - Charts
    - CleanyModal
    - Eureka
    - Hero
    - IQKeyboardManagerSwift
    - JGProgressHUD
    - Kingfisher
    - lottie-ios
    - MBProgressHUD
    - SkeletonView
    - XCoordinator
    - youtube-ios-player-helper

SPEC CHECKSUMS:
  Charts: b1e3a1f5a1c9ba5394438ca3b91bd8c9076310af
  CleanyModal: 5e5fece5b1de97b47ea091f6390ec2b16bfa2f20
  Eureka: e6d720290c56bb23333ad1a0e020b2a98a0e9a43
  Hero: 215865ba3ae41dd9bb08cd6c60a645529c6fc94b
  IQKeyboardManagerSwift: c7df9d2deb356c04522f5c4b7b6e4ce4d8ed94fe
  JGProgressHUD: d83d7a981b85d11205e19ff8ad5bb9c40571c847
  Kingfisher: a3c03d702433fa6cfedabb2bddbe076fb8f2e902
  lottie-ios: c058aeafa76daa4cf64d773554bccc8385d0150e
  MBProgressHUD: 3ee5efcc380f6a79a7cc9b363dd669c5e1ae7406
  SkeletonView: 77079530e1348a72f48b79ae30dcb966c1b18b6a
  XCoordinator: 9ee654fedef1ffede33d5c11677708a555c00542
  youtube-ios-player-helper: 0185c57db23c80d63d6ca11251d110abb8a4ca61

PODFILE CHECKSUM: 0c6aa96c420879989775bc703f6c7a97340c4182

COCOAPODS: 1.11.2
