// !$*UTF8*$!
{
	archiveVersion = 1;
	classes = {
	};
	objectVersion = 55;
	objects = {

/* Begin PBXBuildFile section */
		EA7DE4A7273010C500FB0C8B /* AppDelegate.swift in Sources */ = {isa = PBXBuildFile; fileRef = EA7DE4A6273010C500FB0C8B /* AppDelegate.swift */; };
		EA7DE4A9273010C500FB0C8B /* SceneDelegate.swift in Sources */ = {isa = PBXBuildFile; fileRef = EA7DE4A8273010C500FB0C8B /* SceneDelegate.swift */; };
		EA7DE4AB273010C500FB0C8B /* ViewController.swift in Sources */ = {isa = PBXBuildFile; fileRef = EA7DE4AA273010C500FB0C8B /* ViewController.swift */; };
		EA7DE4AE273010C500FB0C8B /* Main.storyboard in Resources */ = {isa = PBXBuildFile; fileRef = EA7DE4AC273010C500FB0C8B /* Main.storyboard */; };
		EA7DE4B1273010C500FB0C8B /* Nakd.xcdatamodeld in Sources */ = {isa = PBXBuildFile; fileRef = EA7DE4AF273010C500FB0C8B /* Nakd.xcdatamodeld */; };
		EA7DE4B3273010C600FB0C8B /* Assets.xcassets in Resources */ = {isa = PBXBuildFile; fileRef = EA7DE4B2273010C600FB0C8B /* Assets.xcassets */; };
		EA7DE4B6273010C600FB0C8B /* LaunchScreen.storyboard in Resources */ = {isa = PBXBuildFile; fileRef = EA7DE4B4273010C600FB0C8B /* LaunchScreen.storyboard */; };
		EA7DE4C1273010C700FB0C8B /* NakdTests.swift in Sources */ = {isa = PBXBuildFile; fileRef = EA7DE4C0273010C700FB0C8B /* NakdTests.swift */; };
		EA7DE4CB273010C700FB0C8B /* NakdUITests.swift in Sources */ = {isa = PBXBuildFile; fileRef = EA7DE4CA273010C700FB0C8B /* NakdUITests.swift */; };
		EA7DE4CD273010C700FB0C8B /* NakdUITestsLaunchTests.swift in Sources */ = {isa = PBXBuildFile; fileRef = EA7DE4CC273010C700FB0C8B /* NakdUITestsLaunchTests.swift */; };
		EA7DE4E32730117900FB0C8B /* Localizable.strings in Resources */ = {isa = PBXBuildFile; fileRef = EA7DE4E22730117900FB0C8B /* Localizable.strings */; };
		EA7DE4E5273011E600FB0C8B /* Localizable.swift in Sources */ = {isa = PBXBuildFile; fileRef = EA7DE4E4273011E600FB0C8B /* Localizable.swift */; };
		EA7DE4E82730131F00FB0C8B /* Fonts.swift in Sources */ = {isa = PBXBuildFile; fileRef = EA7DE4E72730131F00FB0C8B /* Fonts.swift */; };
		EA7DE4EA2730133300FB0C8B /* Storyboarded.swift in Sources */ = {isa = PBXBuildFile; fileRef = EA7DE4E92730133300FB0C8B /* Storyboarded.swift */; };
/* End PBXBuildFile section */

/* Begin PBXContainerItemProxy section */
		EA7DE4BD273010C700FB0C8B /* PBXContainerItemProxy */ = {
			isa = PBXContainerItemProxy;
			containerPortal = EA7DE49B273010C500FB0C8B /* Project object */;
			proxyType = 1;
			remoteGlobalIDString = EA7DE4A2273010C500FB0C8B;
			remoteInfo = Nakd;
		};
		EA7DE4C7273010C700FB0C8B /* PBXContainerItemProxy */ = {
			isa = PBXContainerItemProxy;
			containerPortal = EA7DE49B273010C500FB0C8B /* Project object */;
			proxyType = 1;
			remoteGlobalIDString = EA7DE4A2273010C500FB0C8B;
			remoteInfo = Nakd;
		};
/* End PBXContainerItemProxy section */

/* Begin PBXFileReference section */
		EA7DE4A3273010C500FB0C8B /* Nakd.app */ = {isa = PBXFileReference; explicitFileType = wrapper.application; includeInIndex = 0; path = Nakd.app; sourceTree = BUILT_PRODUCTS_DIR; };
		EA7DE4A6273010C500FB0C8B /* AppDelegate.swift */ = {isa = PBXFileReference; lastKnownFileType = sourcecode.swift; path = AppDelegate.swift; sourceTree = "<group>"; };
		EA7DE4A8273010C500FB0C8B /* SceneDelegate.swift */ = {isa = PBXFileReference; lastKnownFileType = sourcecode.swift; path = SceneDelegate.swift; sourceTree = "<group>"; };
		EA7DE4AA273010C500FB0C8B /* ViewController.swift */ = {isa = PBXFileReference; lastKnownFileType = sourcecode.swift; path = ViewController.swift; sourceTree = "<group>"; };
		EA7DE4AD273010C500FB0C8B /* Base */ = {isa = PBXFileReference; lastKnownFileType = file.storyboard; name = Base; path = Base.lproj/Main.storyboard; sourceTree = "<group>"; };
		EA7DE4B0273010C500FB0C8B /* Nakd.xcdatamodel */ = {isa = PBXFileReference; lastKnownFileType = wrapper.xcdatamodel; path = Nakd.xcdatamodel; sourceTree = "<group>"; };
		EA7DE4B2273010C600FB0C8B /* Assets.xcassets */ = {isa = PBXFileReference; lastKnownFileType = folder.assetcatalog; path = Assets.xcassets; sourceTree = "<group>"; };
		EA7DE4B5273010C600FB0C8B /* Base */ = {isa = PBXFileReference; lastKnownFileType = file.storyboard; name = Base; path = Base.lproj/LaunchScreen.storyboard; sourceTree = "<group>"; };
		EA7DE4B7273010C600FB0C8B /* Info.plist */ = {isa = PBXFileReference; lastKnownFileType = text.plist.xml; path = Info.plist; sourceTree = "<group>"; };
		EA7DE4BC273010C700FB0C8B /* NakdTests.xctest */ = {isa = PBXFileReference; explicitFileType = wrapper.cfbundle; includeInIndex = 0; path = NakdTests.xctest; sourceTree = BUILT_PRODUCTS_DIR; };
		EA7DE4C0273010C700FB0C8B /* NakdTests.swift */ = {isa = PBXFileReference; lastKnownFileType = sourcecode.swift; path = NakdTests.swift; sourceTree = "<group>"; };
		EA7DE4C6273010C700FB0C8B /* NakdUITests.xctest */ = {isa = PBXFileReference; explicitFileType = wrapper.cfbundle; includeInIndex = 0; path = NakdUITests.xctest; sourceTree = BUILT_PRODUCTS_DIR; };
		EA7DE4CA273010C700FB0C8B /* NakdUITests.swift */ = {isa = PBXFileReference; lastKnownFileType = sourcecode.swift; path = NakdUITests.swift; sourceTree = "<group>"; };
		EA7DE4CC273010C700FB0C8B /* NakdUITestsLaunchTests.swift */ = {isa = PBXFileReference; lastKnownFileType = sourcecode.swift; path = NakdUITestsLaunchTests.swift; sourceTree = "<group>"; };
		EA7DE4E22730117900FB0C8B /* Localizable.strings */ = {isa = PBXFileReference; lastKnownFileType = text.plist.strings; path = Localizable.strings; sourceTree = "<group>"; };
		EA7DE4E4273011E600FB0C8B /* Localizable.swift */ = {isa = PBXFileReference; lastKnownFileType = sourcecode.swift; path = Localizable.swift; sourceTree = "<group>"; };
		EA7DE4E72730131F00FB0C8B /* Fonts.swift */ = {isa = PBXFileReference; lastKnownFileType = sourcecode.swift; path = Fonts.swift; sourceTree = "<group>"; };
		EA7DE4E92730133300FB0C8B /* Storyboarded.swift */ = {isa = PBXFileReference; lastKnownFileType = sourcecode.swift; path = Storyboarded.swift; sourceTree = "<group>"; };
/* End PBXFileReference section */

/* Begin PBXFrameworksBuildPhase section */
		EA7DE4A0273010C500FB0C8B /* Frameworks */ = {
			isa = PBXFrameworksBuildPhase;
			buildActionMask = 2147483647;
			files = (
			);
			runOnlyForDeploymentPostprocessing = 0;
		};
		EA7DE4B9273010C700FB0C8B /* Frameworks */ = {
			isa = PBXFrameworksBuildPhase;
			buildActionMask = 2147483647;
			files = (
			);
			runOnlyForDeploymentPostprocessing = 0;
		};
		EA7DE4C3273010C700FB0C8B /* Frameworks */ = {
			isa = PBXFrameworksBuildPhase;
			buildActionMask = 2147483647;
			files = (
			);
			runOnlyForDeploymentPostprocessing = 0;
		};
/* End PBXFrameworksBuildPhase section */

/* Begin PBXGroup section */
		EA7DE49A273010C500FB0C8B = {
			isa = PBXGroup;
			children = (
				EA7DE4A5273010C500FB0C8B /* Nakd */,
				EA7DE4BF273010C700FB0C8B /* NakdTests */,
				EA7DE4C9273010C700FB0C8B /* NakdUITests */,
				EA7DE4A4273010C500FB0C8B /* Products */,
			);
			sourceTree = "<group>";
		};
		EA7DE4A4273010C500FB0C8B /* Products */ = {
			isa = PBXGroup;
			children = (
				EA7DE4A3273010C500FB0C8B /* Nakd.app */,
				EA7DE4BC273010C700FB0C8B /* NakdTests.xctest */,
				EA7DE4C6273010C700FB0C8B /* NakdUITests.xctest */,
			);
			name = Products;
			sourceTree = "<group>";
		};
		EA7DE4A5273010C500FB0C8B /* Nakd */ = {
			isa = PBXGroup;
			children = (
				EA7DE4DF2730114400FB0C8B /* Helper */,
				EA7DE4D9273010D600FB0C8B /* App Delegate */,
				EA7DE4DC2730110500FB0C8B /* Modules */,
				EA7DE4DA273010EA00FB0C8B /* Storyboard */,
				EA7DE4DB273010FE00FB0C8B /* Assets */,
				EA7DE4B7273010C600FB0C8B /* Info.plist */,
			);
			path = Nakd;
			sourceTree = "<group>";
		};
		EA7DE4BF273010C700FB0C8B /* NakdTests */ = {
			isa = PBXGroup;
			children = (
				EA7DE4C0273010C700FB0C8B /* NakdTests.swift */,
			);
			path = NakdTests;
			sourceTree = "<group>";
		};
		EA7DE4C9273010C700FB0C8B /* NakdUITests */ = {
			isa = PBXGroup;
			children = (
				EA7DE4CA273010C700FB0C8B /* NakdUITests.swift */,
				EA7DE4CC273010C700FB0C8B /* NakdUITestsLaunchTests.swift */,
			);
			path = NakdUITests;
			sourceTree = "<group>";
		};
		EA7DE4D9273010D600FB0C8B /* App Delegate */ = {
			isa = PBXGroup;
			children = (
				EA7DE4A6273010C500FB0C8B /* AppDelegate.swift */,
				EA7DE4A8273010C500FB0C8B /* SceneDelegate.swift */,
			);
			path = "App Delegate";
			sourceTree = "<group>";
		};
		EA7DE4DA273010EA00FB0C8B /* Storyboard */ = {
			isa = PBXGroup;
			children = (
				EA7DE4AC273010C500FB0C8B /* Main.storyboard */,
				EA7DE4B4273010C600FB0C8B /* LaunchScreen.storyboard */,
			);
			path = Storyboard;
			sourceTree = "<group>";
		};
		EA7DE4DB273010FE00FB0C8B /* Assets */ = {
			isa = PBXGroup;
			children = (
				EA7DE4B2273010C600FB0C8B /* Assets.xcassets */,
				EA7DE4AF273010C500FB0C8B /* Nakd.xcdatamodeld */,
			);
			path = Assets;
			sourceTree = "<group>";
		};
		EA7DE4DC2730110500FB0C8B /* Modules */ = {
			isa = PBXGroup;
			children = (
				EA7DE4AA273010C500FB0C8B /* ViewController.swift */,
			);
			path = Modules;
			sourceTree = "<group>";
		};
		EA7DE4DF2730114400FB0C8B /* Helper */ = {
			isa = PBXGroup;
			children = (
				EA7DE4E62730130000FB0C8B /* Fonts */,
				EA7DE4E12730116600FB0C8B /* Localization */,
				EA7DE4E02730115D00FB0C8B /* Navigation */,
			);
			path = Helper;
			sourceTree = "<group>";
		};
		EA7DE4E02730115D00FB0C8B /* Navigation */ = {
			isa = PBXGroup;
			children = (
				EA7DE4E92730133300FB0C8B /* Storyboarded.swift */,
			);
			path = Navigation;
			sourceTree = "<group>";
		};
		EA7DE4E12730116600FB0C8B /* Localization */ = {
			isa = PBXGroup;
			children = (
				EA7DE4E22730117900FB0C8B /* Localizable.strings */,
				EA7DE4E4273011E600FB0C8B /* Localizable.swift */,
			);
			path = Localization;
			sourceTree = "<group>";
		};
		EA7DE4E62730130000FB0C8B /* Fonts */ = {
			isa = PBXGroup;
			children = (
				EA7DE4E72730131F00FB0C8B /* Fonts.swift */,
			);
			path = Fonts;
			sourceTree = "<group>";
		};
/* End PBXGroup section */

/* Begin PBXNativeTarget section */
		EA7DE4A2273010C500FB0C8B /* Nakd */ = {
			isa = PBXNativeTarget;
			buildConfigurationList = EA7DE4D0273010C700FB0C8B /* Build configuration list for PBXNativeTarget "Nakd" */;
			buildPhases = (
				EA7DE49F273010C500FB0C8B /* Sources */,
				EA7DE4A0273010C500FB0C8B /* Frameworks */,
				EA7DE4A1273010C500FB0C8B /* Resources */,
			);
			buildRules = (
			);
			dependencies = (
			);
			name = Nakd;
			productName = Nakd;
			productReference = EA7DE4A3273010C500FB0C8B /* Nakd.app */;
			productType = "com.apple.product-type.application";
		};
		EA7DE4BB273010C700FB0C8B /* NakdTests */ = {
			isa = PBXNativeTarget;
			buildConfigurationList = EA7DE4D3273010C700FB0C8B /* Build configuration list for PBXNativeTarget "NakdTests" */;
			buildPhases = (
				EA7DE4B8273010C700FB0C8B /* Sources */,
				EA7DE4B9273010C700FB0C8B /* Frameworks */,
				EA7DE4BA273010C700FB0C8B /* Resources */,
			);
			buildRules = (
			);
			dependencies = (
				EA7DE4BE273010C700FB0C8B /* PBXTargetDependency */,
			);
			name = NakdTests;
			productName = NakdTests;
			productReference = EA7DE4BC273010C700FB0C8B /* NakdTests.xctest */;
			productType = "com.apple.product-type.bundle.unit-test";
		};
		EA7DE4C5273010C700FB0C8B /* NakdUITests */ = {
			isa = PBXNativeTarget;
			buildConfigurationList = EA7DE4D6273010C700FB0C8B /* Build configuration list for PBXNativeTarget "NakdUITests" */;
			buildPhases = (
				EA7DE4C2273010C700FB0C8B /* Sources */,
				EA7DE4C3273010C700FB0C8B /* Frameworks */,
				EA7DE4C4273010C700FB0C8B /* Resources */,
			);
			buildRules = (
			);
			dependencies = (
				EA7DE4C8273010C700FB0C8B /* PBXTargetDependency */,
			);
			name = NakdUITests;
			productName = NakdUITests;
			productReference = EA7DE4C6273010C700FB0C8B /* NakdUITests.xctest */;
			productType = "com.apple.product-type.bundle.ui-testing";
		};
/* End PBXNativeTarget section */

/* Begin PBXProject section */
		EA7DE49B273010C500FB0C8B /* Project object */ = {
			isa = PBXProject;
			attributes = {
				BuildIndependentTargetsInParallel = 1;
				LastSwiftUpdateCheck = 1310;
				LastUpgradeCheck = 1310;
				TargetAttributes = {
					EA7DE4A2273010C500FB0C8B = {
						CreatedOnToolsVersion = 13.1;
					};
					EA7DE4BB273010C700FB0C8B = {
						CreatedOnToolsVersion = 13.1;
						TestTargetID = EA7DE4A2273010C500FB0C8B;
					};
					EA7DE4C5273010C700FB0C8B = {
						CreatedOnToolsVersion = 13.1;
						TestTargetID = EA7DE4A2273010C500FB0C8B;
					};
				};
			};
			buildConfigurationList = EA7DE49E273010C500FB0C8B /* Build configuration list for PBXProject "Nakd" */;
			compatibilityVersion = "Xcode 13.0";
			developmentRegion = en;
			hasScannedForEncodings = 0;
			knownRegions = (
				en,
				Base,
				ar,
			);
			mainGroup = EA7DE49A273010C500FB0C8B;
			productRefGroup = EA7DE4A4273010C500FB0C8B /* Products */;
			projectDirPath = "";
			projectRoot = "";
			targets = (
				EA7DE4A2273010C500FB0C8B /* Nakd */,
				EA7DE4BB273010C700FB0C8B /* NakdTests */,
				EA7DE4C5273010C700FB0C8B /* NakdUITests */,
			);
		};
/* End PBXProject section */

/* Begin PBXResourcesBuildPhase section */
		EA7DE4A1273010C500FB0C8B /* Resources */ = {
			isa = PBXResourcesBuildPhase;
			buildActionMask = 2147483647;
			files = (
				EA7DE4B6273010C600FB0C8B /* LaunchScreen.storyboard in Resources */,
				EA7DE4E32730117900FB0C8B /* Localizable.strings in Resources */,
				EA7DE4B3273010C600FB0C8B /* Assets.xcassets in Resources */,
				EA7DE4AE273010C500FB0C8B /* Main.storyboard in Resources */,
			);
			runOnlyForDeploymentPostprocessing = 0;
		};
		EA7DE4BA273010C700FB0C8B /* Resources */ = {
			isa = PBXResourcesBuildPhase;
			buildActionMask = 2147483647;
			files = (
			);
			runOnlyForDeploymentPostprocessing = 0;
		};
		EA7DE4C4273010C700FB0C8B /* Resources */ = {
			isa = PBXResourcesBuildPhase;
			buildActionMask = 2147483647;
			files = (
			);
			runOnlyForDeploymentPostprocessing = 0;
		};
/* End PBXResourcesBuildPhase section */

/* Begin PBXSourcesBuildPhase section */
		EA7DE49F273010C500FB0C8B /* Sources */ = {
			isa = PBXSourcesBuildPhase;
			buildActionMask = 2147483647;
			files = (
				EA7DE4AB273010C500FB0C8B /* ViewController.swift in Sources */,
				EA7DE4A7273010C500FB0C8B /* AppDelegate.swift in Sources */,
				EA7DE4E5273011E600FB0C8B /* Localizable.swift in Sources */,
				EA7DE4A9273010C500FB0C8B /* SceneDelegate.swift in Sources */,
				EA7DE4E82730131F00FB0C8B /* Fonts.swift in Sources */,
				EA7DE4B1273010C500FB0C8B /* Nakd.xcdatamodeld in Sources */,
				EA7DE4EA2730133300FB0C8B /* Storyboarded.swift in Sources */,
			);
			runOnlyForDeploymentPostprocessing = 0;
		};
		EA7DE4B8273010C700FB0C8B /* Sources */ = {
			isa = PBXSourcesBuildPhase;
			buildActionMask = 2147483647;
			files = (
				EA7DE4C1273010C700FB0C8B /* NakdTests.swift in Sources */,
			);
			runOnlyForDeploymentPostprocessing = 0;
		};
		EA7DE4C2273010C700FB0C8B /* Sources */ = {
			isa = PBXSourcesBuildPhase;
			buildActionMask = 2147483647;
			files = (
				EA7DE4CD273010C700FB0C8B /* NakdUITestsLaunchTests.swift in Sources */,
				EA7DE4CB273010C700FB0C8B /* NakdUITests.swift in Sources */,
			);
			runOnlyForDeploymentPostprocessing = 0;
		};
/* End PBXSourcesBuildPhase section */

/* Begin PBXTargetDependency section */
		EA7DE4BE273010C700FB0C8B /* PBXTargetDependency */ = {
			isa = PBXTargetDependency;
			target = EA7DE4A2273010C500FB0C8B /* Nakd */;
			targetProxy = EA7DE4BD273010C700FB0C8B /* PBXContainerItemProxy */;
		};
		EA7DE4C8273010C700FB0C8B /* PBXTargetDependency */ = {
			isa = PBXTargetDependency;
			target = EA7DE4A2273010C500FB0C8B /* Nakd */;
			targetProxy = EA7DE4C7273010C700FB0C8B /* PBXContainerItemProxy */;
		};
/* End PBXTargetDependency section */

/* Begin PBXVariantGroup section */
		EA7DE4AC273010C500FB0C8B /* Main.storyboard */ = {
			isa = PBXVariantGroup;
			children = (
				EA7DE4AD273010C500FB0C8B /* Base */,
			);
			name = Main.storyboard;
			sourceTree = "<group>";
		};
		EA7DE4B4273010C600FB0C8B /* LaunchScreen.storyboard */ = {
			isa = PBXVariantGroup;
			children = (
				EA7DE4B5273010C600FB0C8B /* Base */,
			);
			name = LaunchScreen.storyboard;
			sourceTree = "<group>";
		};
/* End PBXVariantGroup section */

/* Begin XCBuildConfiguration section */
		EA7DE4CE273010C700FB0C8B /* Debug */ = {
			isa = XCBuildConfiguration;
			buildSettings = {
				ALWAYS_SEARCH_USER_PATHS = NO;
				CLANG_ANALYZER_LOCALIZABILITY_NONLOCALIZED = YES;
				CLANG_ANALYZER_NONNULL = YES;
				CLANG_ANALYZER_NUMBER_OBJECT_CONVERSION = YES_AGGRESSIVE;
				CLANG_CXX_LANGUAGE_STANDARD = "gnu++17";
				CLANG_CXX_LIBRARY = "libc++";
				CLANG_ENABLE_MODULES = YES;
				CLANG_ENABLE_OBJC_ARC = YES;
				CLANG_ENABLE_OBJC_WEAK = YES;
				CLANG_WARN_BLOCK_CAPTURE_AUTORELEASING = YES;
				CLANG_WARN_BOOL_CONVERSION = YES;
				CLANG_WARN_COMMA = YES;
				CLANG_WARN_CONSTANT_CONVERSION = YES;
				CLANG_WARN_DEPRECATED_OBJC_IMPLEMENTATIONS = YES;
				CLANG_WARN_DIRECT_OBJC_ISA_USAGE = YES_ERROR;
				CLANG_WARN_DOCUMENTATION_COMMENTS = YES;
				CLANG_WARN_EMPTY_BODY = YES;
				CLANG_WARN_ENUM_CONVERSION = YES;
				CLANG_WARN_INFINITE_RECURSION = YES;
				CLANG_WARN_INT_CONVERSION = YES;
				CLANG_WARN_NON_LITERAL_NULL_CONVERSION = YES;
				CLANG_WARN_OBJC_IMPLICIT_RETAIN_SELF = YES;
				CLANG_WARN_OBJC_LITERAL_CONVERSION = YES;
				CLANG_WARN_OBJC_ROOT_CLASS = YES_ERROR;
				CLANG_WARN_QUOTED_INCLUDE_IN_FRAMEWORK_HEADER = YES;
				CLANG_WARN_RANGE_LOOP_ANALYSIS = YES;
				CLANG_WARN_STRICT_PROTOTYPES = YES;
				CLANG_WARN_SUSPICIOUS_MOVE = YES;
				CLANG_WARN_UNGUARDED_AVAILABILITY = YES_AGGRESSIVE;
				CLANG_WARN_UNREACHABLE_CODE = YES;
				CLANG_WARN__DUPLICATE_METHOD_MATCH = YES;
				COPY_PHASE_STRIP = NO;
				DEBUG_INFORMATION_FORMAT = dwarf;
				ENABLE_STRICT_OBJC_MSGSEND = YES;
				ENABLE_TESTABILITY = YES;
				GCC_C_LANGUAGE_STANDARD = gnu11;
				GCC_DYNAMIC_NO_PIC = NO;
				GCC_NO_COMMON_BLOCKS = YES;
				GCC_OPTIMIZATION_LEVEL = 0;
				GCC_PREPROCESSOR_DEFINITIONS = (
					"DEBUG=1",
					"$(inherited)",
				);
				GCC_WARN_64_TO_32_BIT_CONVERSION = YES;
				GCC_WARN_ABOUT_RETURN_TYPE = YES_ERROR;
				GCC_WARN_UNDECLARED_SELECTOR = YES;
				GCC_WARN_UNINITIALIZED_AUTOS = YES_AGGRESSIVE;
				GCC_WARN_UNUSED_FUNCTION = YES;
				GCC_WARN_UNUSED_VARIABLE = YES;
				IPHONEOS_DEPLOYMENT_TARGET = 15.0;
				MTL_ENABLE_DEBUG_INFO = INCLUDE_SOURCE;
				MTL_FAST_MATH = YES;
				ONLY_ACTIVE_ARCH = YES;
				SDKROOT = iphoneos;
				SWIFT_ACTIVE_COMPILATION_CONDITIONS = DEBUG;
				SWIFT_OPTIMIZATION_LEVEL = "-Onone";
			};
			name = Debug;
		};
		EA7DE4CF273010C700FB0C8B /* Release */ = {
			isa = XCBuildConfiguration;
			buildSettings = {
				ALWAYS_SEARCH_USER_PATHS = NO;
				CLANG_ANALYZER_LOCALIZABILITY_NONLOCALIZED = YES;
				CLANG_ANALYZER_NONNULL = YES;
				CLANG_ANALYZER_NUMBER_OBJECT_CONVERSION = YES_AGGRESSIVE;
				CLANG_CXX_LANGUAGE_STANDARD = "gnu++17";
				CLANG_CXX_LIBRARY = "libc++";
				CLANG_ENABLE_MODULES = YES;
				CLANG_ENABLE_OBJC_ARC = YES;
				CLANG_ENABLE_OBJC_WEAK = YES;
				CLANG_WARN_BLOCK_CAPTURE_AUTORELEASING = YES;
				CLANG_WARN_BOOL_CONVERSION = YES;
				CLANG_WARN_COMMA = YES;
				CLANG_WARN_CONSTANT_CONVERSION = YES;
				CLANG_WARN_DEPRECATED_OBJC_IMPLEMENTATIONS = YES;
				CLANG_WARN_DIRECT_OBJC_ISA_USAGE = YES_ERROR;
				CLANG_WARN_DOCUMENTATION_COMMENTS = YES;
				CLANG_WARN_EMPTY_BODY = YES;
				CLANG_WARN_ENUM_CONVERSION = YES;
				CLANG_WARN_INFINITE_RECURSION = YES;
				CLANG_WARN_INT_CONVERSION = YES;
				CLANG_WARN_NON_LITERAL_NULL_CONVERSION = YES;
				CLANG_WARN_OBJC_IMPLICIT_RETAIN_SELF = YES;
				CLANG_WARN_OBJC_LITERAL_CONVERSION = YES;
				CLANG_WARN_OBJC_ROOT_CLASS = YES_ERROR;
				CLANG_WARN_QUOTED_INCLUDE_IN_FRAMEWORK_HEADER = YES;
				CLANG_WARN_RANGE_LOOP_ANALYSIS = YES;
				CLANG_WARN_STRICT_PROTOTYPES = YES;
				CLANG_WARN_SUSPICIOUS_MOVE = YES;
				CLANG_WARN_UNGUARDED_AVAILABILITY = YES_AGGRESSIVE;
				CLANG_WARN_UNREACHABLE_CODE = YES;
				CLANG_WARN__DUPLICATE_METHOD_MATCH = YES;
				COPY_PHASE_STRIP = NO;
				DEBUG_INFORMATION_FORMAT = "dwarf-with-dsym";
				ENABLE_NS_ASSERTIONS = NO;
				ENABLE_STRICT_OBJC_MSGSEND = YES;
				GCC_C_LANGUAGE_STANDARD = gnu11;
				GCC_NO_COMMON_BLOCKS = YES;
				GCC_WARN_64_TO_32_BIT_CONVERSION = YES;
				GCC_WARN_ABOUT_RETURN_TYPE = YES_ERROR;
				GCC_WARN_UNDECLARED_SELECTOR = YES;
				GCC_WARN_UNINITIALIZED_AUTOS = YES_AGGRESSIVE;
				GCC_WARN_UNUSED_FUNCTION = YES;
				GCC_WARN_UNUSED_VARIABLE = YES;
				IPHONEOS_DEPLOYMENT_TARGET = 15.0;
				MTL_ENABLE_DEBUG_INFO = NO;
				MTL_FAST_MATH = YES;
				SDKROOT = iphoneos;
				SWIFT_COMPILATION_MODE = wholemodule;
				SWIFT_OPTIMIZATION_LEVEL = "-O";
				VALIDATE_PRODUCT = YES;
			};
			name = Release;
		};
		EA7DE4D1273010C700FB0C8B /* Debug */ = {
			isa = XCBuildConfiguration;
			buildSettings = {
				ASSETCATALOG_COMPILER_APPICON_NAME = AppIcon;
				ASSETCATALOG_COMPILER_GLOBAL_ACCENT_COLOR_NAME = AccentColor;
				CODE_SIGN_STYLE = Automatic;
				CURRENT_PROJECT_VERSION = 1;
				DEVELOPMENT_TEAM = H368HQSP2D;
				GENERATE_INFOPLIST_FILE = YES;
				INFOPLIST_FILE = Nakd/Info.plist;
				INFOPLIST_KEY_UIApplicationSupportsIndirectInputEvents = YES;
				INFOPLIST_KEY_UILaunchStoryboardName = LaunchScreen;
				INFOPLIST_KEY_UIMainStoryboardFile = Main;
				INFOPLIST_KEY_UISupportedInterfaceOrientations_iPad = "UIInterfaceOrientationPortrait UIInterfaceOrientationPortraitUpsideDown UIInterfaceOrientationLandscapeLeft UIInterfaceOrientationLandscapeRight";
				INFOPLIST_KEY_UISupportedInterfaceOrientations_iPhone = "UIInterfaceOrientationPortrait UIInterfaceOrientationLandscapeLeft UIInterfaceOrientationLandscapeRight";
				LD_RUNPATH_SEARCH_PATHS = (
					"$(inherited)",
					"@executable_path/Frameworks",
				);
				MARKETING_VERSION = 1.0;
				PRODUCT_BUNDLE_IDENTIFIER = com.Nakd.ProductName.Nakd;
				PRODUCT_NAME = "$(TARGET_NAME)";
				SWIFT_EMIT_LOC_STRINGS = YES;
				SWIFT_VERSION = 5.0;
				TARGETED_DEVICE_FAMILY = "1,2";
			};
			name = Debug;
		};
		EA7DE4D2273010C700FB0C8B /* Release */ = {
			isa = XCBuildConfiguration;
			buildSettings = {
				ASSETCATALOG_COMPILER_APPICON_NAME = AppIcon;
				ASSETCATALOG_COMPILER_GLOBAL_ACCENT_COLOR_NAME = AccentColor;
				CODE_SIGN_STYLE = Automatic;
				CURRENT_PROJECT_VERSION = 1;
				DEVELOPMENT_TEAM = H368HQSP2D;
				GENERATE_INFOPLIST_FILE = YES;
				INFOPLIST_FILE = Nakd/Info.plist;
				INFOPLIST_KEY_UIApplicationSupportsIndirectInputEvents = YES;
				INFOPLIST_KEY_UILaunchStoryboardName = LaunchScreen;
				INFOPLIST_KEY_UIMainStoryboardFile = Main;
				INFOPLIST_KEY_UISupportedInterfaceOrientations_iPad = "UIInterfaceOrientationPortrait UIInterfaceOrientationPortraitUpsideDown UIInterfaceOrientationLandscapeLeft UIInterfaceOrientationLandscapeRight";
				INFOPLIST_KEY_UISupportedInterfaceOrientations_iPhone = "UIInterfaceOrientationPortrait UIInterfaceOrientationLandscapeLeft UIInterfaceOrientationLandscapeRight";
				LD_RUNPATH_SEARCH_PATHS = (
					"$(inherited)",
					"@executable_path/Frameworks",
				);
				MARKETING_VERSION = 1.0;
				PRODUCT_BUNDLE_IDENTIFIER = com.Nakd.ProductName.Nakd;
				PRODUCT_NAME = "$(TARGET_NAME)";
				SWIFT_EMIT_LOC_STRINGS = YES;
				SWIFT_VERSION = 5.0;
				TARGETED_DEVICE_FAMILY = "1,2";
			};
			name = Release;
		};
		EA7DE4D4273010C700FB0C8B /* Debug */ = {
			isa = XCBuildConfiguration;
			buildSettings = {
				ALWAYS_EMBED_SWIFT_STANDARD_LIBRARIES = YES;
				BUNDLE_LOADER = "$(TEST_HOST)";
				CODE_SIGN_STYLE = Automatic;
				CURRENT_PROJECT_VERSION = 1;
				DEVELOPMENT_TEAM = H368HQSP2D;
				GENERATE_INFOPLIST_FILE = YES;
				IPHONEOS_DEPLOYMENT_TARGET = 15.0;
				LD_RUNPATH_SEARCH_PATHS = (
					"$(inherited)",
					"@executable_path/Frameworks",
					"@loader_path/Frameworks",
				);
				MARKETING_VERSION = 1.0;
				PRODUCT_BUNDLE_IDENTIFIER = com.Nakd.ProductName.NakdTests;
				PRODUCT_NAME = "$(TARGET_NAME)";
				SWIFT_EMIT_LOC_STRINGS = NO;
				SWIFT_VERSION = 5.0;
				TARGETED_DEVICE_FAMILY = "1,2";
				TEST_HOST = "$(BUILT_PRODUCTS_DIR)/Nakd.app/Nakd";
			};
			name = Debug;
		};
		EA7DE4D5273010C700FB0C8B /* Release */ = {
			isa = XCBuildConfiguration;
			buildSettings = {
				ALWAYS_EMBED_SWIFT_STANDARD_LIBRARIES = YES;
				BUNDLE_LOADER = "$(TEST_HOST)";
				CODE_SIGN_STYLE = Automatic;
				CURRENT_PROJECT_VERSION = 1;
				DEVELOPMENT_TEAM = H368HQSP2D;
				GENERATE_INFOPLIST_FILE = YES;
				IPHONEOS_DEPLOYMENT_TARGET = 15.0;
				LD_RUNPATH_SEARCH_PATHS = (
					"$(inherited)",
					"@executable_path/Frameworks",
					"@loader_path/Frameworks",
				);
				MARKETING_VERSION = 1.0;
				PRODUCT_BUNDLE_IDENTIFIER = com.Nakd.ProductName.NakdTests;
				PRODUCT_NAME = "$(TARGET_NAME)";
				SWIFT_EMIT_LOC_STRINGS = NO;
				SWIFT_VERSION = 5.0;
				TARGETED_DEVICE_FAMILY = "1,2";
				TEST_HOST = "$(BUILT_PRODUCTS_DIR)/Nakd.app/Nakd";
			};
			name = Release;
		};
		EA7DE4D7273010C700FB0C8B /* Debug */ = {
			isa = XCBuildConfiguration;
			buildSettings = {
				ALWAYS_EMBED_SWIFT_STANDARD_LIBRARIES = YES;
				CODE_SIGN_STYLE = Automatic;
				CURRENT_PROJECT_VERSION = 1;
				DEVELOPMENT_TEAM = H368HQSP2D;
				GENERATE_INFOPLIST_FILE = YES;
				LD_RUNPATH_SEARCH_PATHS = (
					"$(inherited)",
					"@executable_path/Frameworks",
					"@loader_path/Frameworks",
				);
				MARKETING_VERSION = 1.0;
				PRODUCT_BUNDLE_IDENTIFIER = com.Nakd.ProductName.NakdUITests;
				PRODUCT_NAME = "$(TARGET_NAME)";
				SWIFT_EMIT_LOC_STRINGS = NO;
				SWIFT_VERSION = 5.0;
				TARGETED_DEVICE_FAMILY = "1,2";
				TEST_TARGET_NAME = Nakd;
			};
			name = Debug;
		};
		EA7DE4D8273010C700FB0C8B /* Release */ = {
			isa = XCBuildConfiguration;
			buildSettings = {
				ALWAYS_EMBED_SWIFT_STANDARD_LIBRARIES = YES;
				CODE_SIGN_STYLE = Automatic;
				CURRENT_PROJECT_VERSION = 1;
				DEVELOPMENT_TEAM = H368HQSP2D;
				GENERATE_INFOPLIST_FILE = YES;
				LD_RUNPATH_SEARCH_PATHS = (
					"$(inherited)",
					"@executable_path/Frameworks",
					"@loader_path/Frameworks",
				);
				MARKETING_VERSION = 1.0;
				PRODUCT_BUNDLE_IDENTIFIER = com.Nakd.ProductName.NakdUITests;
				PRODUCT_NAME = "$(TARGET_NAME)";
				SWIFT_EMIT_LOC_STRINGS = NO;
				SWIFT_VERSION = 5.0;
				TARGETED_DEVICE_FAMILY = "1,2";
				TEST_TARGET_NAME = Nakd;
			};
			name = Release;
		};
/* End XCBuildConfiguration section */

/* Begin XCConfigurationList section */
		EA7DE49E273010C500FB0C8B /* Build configuration list for PBXProject "Nakd" */ = {
			isa = XCConfigurationList;
			buildConfigurations = (
				EA7DE4CE273010C700FB0C8B /* Debug */,
				EA7DE4CF273010C700FB0C8B /* Release */,
			);
			defaultConfigurationIsVisible = 0;
			defaultConfigurationName = Release;
		};
		EA7DE4D0273010C700FB0C8B /* Build configuration list for PBXNativeTarget "Nakd" */ = {
			isa = XCConfigurationList;
			buildConfigurations = (
				EA7DE4D1273010C700FB0C8B /* Debug */,
				EA7DE4D2273010C700FB0C8B /* Release */,
			);
			defaultConfigurationIsVisible = 0;
			defaultConfigurationName = Release;
		};
		EA7DE4D3273010C700FB0C8B /* Build configuration list for PBXNativeTarget "NakdTests" */ = {
			isa = XCConfigurationList;
			buildConfigurations = (
				EA7DE4D4273010C700FB0C8B /* Debug */,
				EA7DE4D5273010C700FB0C8B /* Release */,
			);
			defaultConfigurationIsVisible = 0;
			defaultConfigurationName = Release;
		};
		EA7DE4D6273010C700FB0C8B /* Build configuration list for PBXNativeTarget "NakdUITests" */ = {
			isa = XCConfigurationList;
			buildConfigurations = (
				EA7DE4D7273010C700FB0C8B /* Debug */,
				EA7DE4D8273010C700FB0C8B /* Release */,
			);
			defaultConfigurationIsVisible = 0;
			defaultConfigurationName = Release;
		};
/* End XCConfigurationList section */

/* Begin XCVersionGroup section */
		EA7DE4AF273010C500FB0C8B /* Nakd.xcdatamodeld */ = {
			isa = XCVersionGroup;
			children = (
				EA7DE4B0273010C500FB0C8B /* Nakd.xcdatamodel */,
			);
			currentVersion = EA7DE4B0273010C500FB0C8B /* Nakd.xcdatamodel */;
			path = Nakd.xcdatamodeld;
			sourceTree = "<group>";
			versionGroupType = wrapper.xcdatamodel;
		};
/* End XCVersionGroup section */
	};
	rootObject = EA7DE49B273010C500FB0C8B /* Project object */;
}
