// !$*UTF8*$!
{
	archiveVersion = 1;
	classes = {
	};
	objectVersion = 55;
	objects = {

/* Begin PBXBuildFile section */
		2A84BEA5DB80DFEE5DCC054C /* Pods_NakdTests.framework in Frameworks */ = {isa = PBXBuildFile; fileRef = 347714DBA6283F27068CF356 /* Pods_NakdTests.framework */; };
		C4A55BCA8278A6A9B1050240 /* Pods_Nakd.framework in Frameworks */ = {isa = PBXBuildFile; fileRef = 2CD8CF60B9FC99D210BD9FC1 /* Pods_Nakd.framework */; };
		CC76C86A98F0D3E767F31CC5 /* Pods_Nakd_NakdUITests.framework in Frameworks */ = {isa = PBXBuildFile; fileRef = 69971B200D394E282652FC2F /* Pods_Nakd_NakdUITests.framework */; };
		EA67D1832734C53900823AC5 /* MoreDetailViewController.swift in Sources */ = {isa = PBXBuildFile; fileRef = EA67D1822734C53900823AC5 /* MoreDetailViewController.swift */; };
		EA67D1862734CA2B00823AC5 /* LoginViewController.swift in Sources */ = {isa = PBXBuildFile; fileRef = EA67D1852734CA2B00823AC5 /* LoginViewController.swift */; };
		EA7DE4A7273010C500FB0C8B /* AppDelegate.swift in Sources */ = {isa = PBXBuildFile; fileRef = EA7DE4A6273010C500FB0C8B /* AppDelegate.swift */; };
		EA7DE4A9273010C500FB0C8B /* SceneDelegate.swift in Sources */ = {isa = PBXBuildFile; fileRef = EA7DE4A8273010C500FB0C8B /* SceneDelegate.swift */; };
		EA7DE4AB273010C500FB0C8B /* HomeViewController.swift in Sources */ = {isa = PBXBuildFile; fileRef = EA7DE4AA273010C500FB0C8B /* HomeViewController.swift */; };
		EA7DE4AE273010C500FB0C8B /* Main.storyboard in Resources */ = {isa = PBXBuildFile; fileRef = EA7DE4AC273010C500FB0C8B /* Main.storyboard */; };
		EA7DE4B1273010C500FB0C8B /* Nakd.xcdatamodeld in Sources */ = {isa = PBXBuildFile; fileRef = EA7DE4AF273010C500FB0C8B /* Nakd.xcdatamodeld */; };
		EA7DE4B3273010C600FB0C8B /* Assets.xcassets in Resources */ = {isa = PBXBuildFile; fileRef = EA7DE4B2273010C600FB0C8B /* Assets.xcassets */; };
		EA7DE4B6273010C600FB0C8B /* LaunchScreen.storyboard in Resources */ = {isa = PBXBuildFile; fileRef = EA7DE4B4273010C600FB0C8B /* LaunchScreen.storyboard */; };
		EA7DE4C1273010C700FB0C8B /* NakdTests.swift in Sources */ = {isa = PBXBuildFile; fileRef = EA7DE4C0273010C700FB0C8B /* NakdTests.swift */; };
		EA7DE4CB273010C700FB0C8B /* NakdUITests.swift in Sources */ = {isa = PBXBuildFile; fileRef = EA7DE4CA273010C700FB0C8B /* NakdUITests.swift */; };
		EA7DE4CD273010C700FB0C8B /* NakdUITestsLaunchTests.swift in Sources */ = {isa = PBXBuildFile; fileRef = EA7DE4CC273010C700FB0C8B /* NakdUITestsLaunchTests.swift */; };
		EA7DE4E32730117900FB0C8B /* Localizable.strings in Resources */ = {isa = PBXBuildFile; fileRef = EA7DE4E22730117900FB0C8B /* Localizable.strings */; };
		EA7DE4E5273011E600FB0C8B /* Localizable.swift in Sources */ = {isa = PBXBuildFile; fileRef = EA7DE4E4273011E600FB0C8B /* Localizable.swift */; };
		EA7DE4E82730131F00FB0C8B /* Fonts.swift in Sources */ = {isa = PBXBuildFile; fileRef = EA7DE4E72730131F00FB0C8B /* Fonts.swift */; };
		EA7DE4EA2730133300FB0C8B /* Storyboarded.swift in Sources */ = {isa = PBXBuildFile; fileRef = EA7DE4E92730133300FB0C8B /* Storyboarded.swift */; };
		EAC3A00A27302C850038CB85 /* Tajawal-Regular.ttf in Resources */ = {isa = PBXBuildFile; fileRef = EAC3A00327302C840038CB85 /* Tajawal-Regular.ttf */; };
		EAC3A00B27302C850038CB85 /* Tajawal-Bold.ttf in Resources */ = {isa = PBXBuildFile; fileRef = EAC3A00427302C840038CB85 /* Tajawal-Bold.ttf */; };
		EAC3A00C27302C850038CB85 /* Tajawal-ExtraLight.ttf in Resources */ = {isa = PBXBuildFile; fileRef = EAC3A00527302C840038CB85 /* Tajawal-ExtraLight.ttf */; };
		EAC3A00D27302C850038CB85 /* Tajawal-Light.ttf in Resources */ = {isa = PBXBuildFile; fileRef = EAC3A00627302C840038CB85 /* Tajawal-Light.ttf */; };
		EAC3A00E27302C850038CB85 /* Tajawal-Medium.ttf in Resources */ = {isa = PBXBuildFile; fileRef = EAC3A00727302C840038CB85 /* Tajawal-Medium.ttf */; };
		EAC3A00F27302C850038CB85 /* Tajawal-ExtraBold.ttf in Resources */ = {isa = PBXBuildFile; fileRef = EAC3A00827302C850038CB85 /* Tajawal-ExtraBold.ttf */; };
		EAC3A01027302C850038CB85 /* Tajawal-Black.ttf in Resources */ = {isa = PBXBuildFile; fileRef = EAC3A00927302C850038CB85 /* Tajawal-Black.ttf */; };
		EAC3A01327302D020038CB85 /* TableViewExt.swift in Sources */ = {isa = PBXBuildFile; fileRef = EAC3A01227302D020038CB85 /* TableViewExt.swift */; };
		EAC3A0162730387A0038CB85 /* Constants.swift in Sources */ = {isa = PBXBuildFile; fileRef = EAC3A0152730387A0038CB85 /* Constants.swift */; };
		EAC3A01827303BCB0038CB85 /* TabBarCordinator.swift in Sources */ = {isa = PBXBuildFile; fileRef = EAC3A01727303BCB0038CB85 /* TabBarCordinator.swift */; };
		EAC3A01A27303C010038CB85 /* HomeRouter.swift in Sources */ = {isa = PBXBuildFile; fileRef = EAC3A01927303C010038CB85 /* HomeRouter.swift */; };
		EAC3A01C27303C090038CB85 /* MoreRouter.swift in Sources */ = {isa = PBXBuildFile; fileRef = EAC3A01B27303C090038CB85 /* MoreRouter.swift */; };
		EAC3A01F27303C6F0038CB85 /* MoreViewController.swift in Sources */ = {isa = PBXBuildFile; fileRef = EAC3A01E27303C6F0038CB85 /* MoreViewController.swift */; };
		EAC3A02127303D160038CB85 /* MoreViewModel.swift in Sources */ = {isa = PBXBuildFile; fileRef = EAC3A02027303D160038CB85 /* MoreViewModel.swift */; };
		EAC3A02327303D1F0038CB85 /* HomeViewModel.swift in Sources */ = {isa = PBXBuildFile; fileRef = EAC3A02227303D1F0038CB85 /* HomeViewModel.swift */; };
		EAC3A02527303DFC0038CB85 /* AppCordinator.swift in Sources */ = {isa = PBXBuildFile; fileRef = EAC3A02427303DFC0038CB85 /* AppCordinator.swift */; };
		EAC3A02727303E500038CB85 /* TabBarVC.swift in Sources */ = {isa = PBXBuildFile; fileRef = EAC3A02627303E500038CB85 /* TabBarVC.swift */; };
		EAD06A102730998500AFBE93 /* OthersCollectionViewCell.swift in Sources */ = {isa = PBXBuildFile; fileRef = EAD06A0E2730998500AFBE93 /* OthersCollectionViewCell.swift */; };
		EAD06A112730998500AFBE93 /* OthersCollectionViewCell.xib in Resources */ = {isa = PBXBuildFile; fileRef = EAD06A0F2730998500AFBE93 /* OthersCollectionViewCell.xib */; };
		EAD06A1427309A1900AFBE93 /* OthersTableViewCollectionCell.swift in Sources */ = {isa = PBXBuildFile; fileRef = EAD06A1227309A1900AFBE93 /* OthersTableViewCollectionCell.swift */; };
		EAD06A1527309A1900AFBE93 /* OthersTableViewCollectionCell.xib in Resources */ = {isa = PBXBuildFile; fileRef = EAD06A1327309A1900AFBE93 /* OthersTableViewCollectionCell.xib */; };
		EAD554012730952A00F5F26B /* CategoriesTableViewCollectionCell.swift in Sources */ = {isa = PBXBuildFile; fileRef = EAD553FF2730952A00F5F26B /* CategoriesTableViewCollectionCell.swift */; };
		EAD554022730952A00F5F26B /* CategoriesTableViewCollectionCell.xib in Resources */ = {isa = PBXBuildFile; fileRef = EAD554002730952A00F5F26B /* CategoriesTableViewCollectionCell.xib */; };
		EAD5540E273096F400F5F26B /* CategoriesCollectionViewCell.swift in Sources */ = {isa = PBXBuildFile; fileRef = EAD5540C273096F400F5F26B /* CategoriesCollectionViewCell.swift */; };
		EAD5540F273096F400F5F26B /* CategoriesCollectionViewCell.xib in Resources */ = {isa = PBXBuildFile; fileRef = EAD5540D273096F400F5F26B /* CategoriesCollectionViewCell.xib */; };
		EAD9F1522732EC180086F984 /* FirstUnitQuestion.swift in Sources */ = {isa = PBXBuildFile; fileRef = EAD9F1512732EC180086F984 /* FirstUnitQuestion.swift */; };
		EAD9F1542732EC220086F984 /* FirstUnitQuestionBank.swift in Sources */ = {isa = PBXBuildFile; fileRef = EAD9F1532732EC220086F984 /* FirstUnitQuestionBank.swift */; };
		EAD9F18D27334B930086F984 /* failure.json in Resources */ = {isa = PBXBuildFile; fileRef = EAD9F18C27334B930086F984 /* failure.json */; };
		EAD9F18F27334B9B0086F984 /* success.json in Resources */ = {isa = PBXBuildFile; fileRef = EAD9F18E27334B9B0086F984 /* success.json */; };
		EAD9F196273353880086F984 /* SecondUnitQuestion.swift in Sources */ = {isa = PBXBuildFile; fileRef = EAD9F195273353880086F984 /* SecondUnitQuestion.swift */; };
		EAD9F198273353980086F984 /* SecondUnitQuestionBank.swift in Sources */ = {isa = PBXBuildFile; fileRef = EAD9F197273353980086F984 /* SecondUnitQuestionBank.swift */; };
		EAD9F19D273359070086F984 /* FirstUnitVideosTableViewCell.swift in Sources */ = {isa = PBXBuildFile; fileRef = EAD9F19B273359070086F984 /* FirstUnitVideosTableViewCell.swift */; };
		EAD9F19E273359070086F984 /* FirstUnitVideosTableViewCell.xib in Resources */ = {isa = PBXBuildFile; fileRef = EAD9F19C273359070086F984 /* FirstUnitVideosTableViewCell.xib */; };
		EAD9F1A127335BF50086F984 /* SecondUnitVideosTableViewCell.swift in Sources */ = {isa = PBXBuildFile; fileRef = EAD9F19F27335BF50086F984 /* SecondUnitVideosTableViewCell.swift */; };
		EAD9F1A227335BF50086F984 /* SecondUnitVideosTableViewCell.xib in Resources */ = {isa = PBXBuildFile; fileRef = EAD9F1A027335BF50086F984 /* SecondUnitVideosTableViewCell.xib */; };
		EAD9F1A527335D7C0086F984 /* FinalQuizViewController.swift in Sources */ = {isa = PBXBuildFile; fileRef = EAD9F1A427335D7C0086F984 /* FinalQuizViewController.swift */; };
		EAD9F1A727335DD60086F984 /* FinalQuizQuestions.swift in Sources */ = {isa = PBXBuildFile; fileRef = EAD9F1A627335DD60086F984 /* FinalQuizQuestions.swift */; };
		EAD9F1A927335DE10086F984 /* FinalQuizQuestionBank.swift in Sources */ = {isa = PBXBuildFile; fileRef = EAD9F1A827335DE10086F984 /* FinalQuizQuestionBank.swift */; };
		EAD9F1B02734B8360086F984 /* FirstUnitVideo1.m4v in Resources */ = {isa = PBXBuildFile; fileRef = EAD9F1AE2734B79C0086F984 /* FirstUnitVideo1.m4v */; };
		EAD9F1B12734B8360086F984 /* FirstUnitVideo2.m4v in Resources */ = {isa = PBXBuildFile; fileRef = EAD9F1AF2734B79D0086F984 /* FirstUnitVideo2.m4v */; };
		EAD9F1B62734BA870086F984 /* SecondUnitVideo1.m4v in Resources */ = {isa = PBXBuildFile; fileRef = EAD9F1B52734BA1E0086F984 /* SecondUnitVideo1.m4v */; };
		EAD9F1B72734BA870086F984 /* SecondUnitVideo2.m4v in Resources */ = {isa = PBXBuildFile; fileRef = EAD9F1B42734BA1D0086F984 /* SecondUnitVideo2.m4v */; };
		EAD9F1BF2734BE740086F984 /* FirstUnitGraph1.jpeg in Resources */ = {isa = PBXBuildFile; fileRef = EAD9F1BD2734BE740086F984 /* FirstUnitGraph1.jpeg */; };
		EAD9F1C02734BE740086F984 /* SecondUnitGraph2.jpeg in Resources */ = {isa = PBXBuildFile; fileRef = EAD9F1BE2734BE740086F984 /* SecondUnitGraph2.jpeg */; };
		EAD9F1C32734BEFA0086F984 /* Unit2Graph1.jpeg in Resources */ = {isa = PBXBuildFile; fileRef = EAD9F1C22734BEFA0086F984 /* Unit2Graph1.jpeg */; };
		EAD9F1C52734BFCF0086F984 /* FirstUnitImageViewController.swift in Sources */ = {isa = PBXBuildFile; fileRef = EAD9F1C42734BFCF0086F984 /* FirstUnitImageViewController.swift */; };
		EAD9F1C82734C2440086F984 /* SecondUnitImageViewController.swift in Sources */ = {isa = PBXBuildFile; fileRef = EAD9F1C72734C2440086F984 /* SecondUnitImageViewController.swift */; };
		EAF477562731431C00D31ABE /* SplashViewController.swift in Sources */ = {isa = PBXBuildFile; fileRef = EAF477552731431C00D31ABE /* SplashViewController.swift */; };
		EAF477582731435700D31ABE /* robot.json in Resources */ = {isa = PBXBuildFile; fileRef = EAF477572731435700D31ABE /* robot.json */; };
		EAF4775C27315D2E00D31ABE /* FirstUnitViewController.swift in Sources */ = {isa = PBXBuildFile; fileRef = EAF4775B27315D2E00D31ABE /* FirstUnitViewController.swift */; };
		EAF4776027315D4500D31ABE /* FirstUnitViewModel.swift in Sources */ = {isa = PBXBuildFile; fileRef = EAF4775F27315D4500D31ABE /* FirstUnitViewModel.swift */; };
		EAF4776427315D5E00D31ABE /* FirstUnitFormViewController.swift in Sources */ = {isa = PBXBuildFile; fileRef = EAF4776327315D5E00D31ABE /* FirstUnitFormViewController.swift */; };
		EAF4776627315DCD00D31ABE /* Unit1.storyboard in Resources */ = {isa = PBXBuildFile; fileRef = EAF4776527315DCD00D31ABE /* Unit1.storyboard */; };
		EAF4776A273178F200D31ABE /* SecondUnitViewController.swift in Sources */ = {isa = PBXBuildFile; fileRef = EAF47769273178F200D31ABE /* SecondUnitViewController.swift */; };
		EAF4776C2731790900D31ABE /* SecondUnitViewModel.swift in Sources */ = {isa = PBXBuildFile; fileRef = EAF4776B2731790900D31ABE /* SecondUnitViewModel.swift */; };
		EAF477702731792300D31ABE /* SecondUnitFormViewController.swift in Sources */ = {isa = PBXBuildFile; fileRef = EAF4776F2731792300D31ABE /* SecondUnitFormViewController.swift */; };
		EAF477762731798B00D31ABE /* Unit2.storyboard in Resources */ = {isa = PBXBuildFile; fileRef = EAF477752731798B00D31ABE /* Unit2.storyboard */; };
		EAF477792731856B00D31ABE /* IntroViewController.swift in Sources */ = {isa = PBXBuildFile; fileRef = EAF477782731856B00D31ABE /* IntroViewController.swift */; };
		EAF4777B2731857200D31ABE /* Intro.storyboard in Resources */ = {isa = PBXBuildFile; fileRef = EAF4777A2731857200D31ABE /* Intro.storyboard */; };
		EAF4777E2731934900D31ABE /* FirstUnitCollectionViewCell.swift in Sources */ = {isa = PBXBuildFile; fileRef = EAF4777C2731934900D31ABE /* FirstUnitCollectionViewCell.swift */; };
		EAF4777F2731934900D31ABE /* FirstUnitCollectionViewCell.xib in Resources */ = {isa = PBXBuildFile; fileRef = EAF4777D2731934900D31ABE /* FirstUnitCollectionViewCell.xib */; };
		EAF477822731947500D31ABE /* SecondUnitCollectionViewCell.swift in Sources */ = {isa = PBXBuildFile; fileRef = EAF477802731947500D31ABE /* SecondUnitCollectionViewCell.swift */; };
		EAF477832731947500D31ABE /* SecondUnitCollectionViewCell.xib in Resources */ = {isa = PBXBuildFile; fileRef = EAF477812731947500D31ABE /* SecondUnitCollectionViewCell.xib */; };
		EAF477882731A98500D31ABE /* MoreCollectionsViewCell.swift in Sources */ = {isa = PBXBuildFile; fileRef = EAF477862731A98500D31ABE /* MoreCollectionsViewCell.swift */; };
		EAF477892731A98500D31ABE /* MoreCollectionsViewCell.xib in Resources */ = {isa = PBXBuildFile; fileRef = EAF477872731A98500D31ABE /* MoreCollectionsViewCell.xib */; };
		EAF4778C2731AFC100D31ABE /* SecondUnitGraphsViewController.swift in Sources */ = {isa = PBXBuildFile; fileRef = EAF4778B2731AFC100D31ABE /* SecondUnitGraphsViewController.swift */; };
		EAF477902731AFFA00D31ABE /* SecondUnitVideosViewController.swift in Sources */ = {isa = PBXBuildFile; fileRef = EAF4778F2731AFFA00D31ABE /* SecondUnitVideosViewController.swift */; };
		EAF477942731B05F00D31ABE /* FirstUnitGraphsViewController.swift in Sources */ = {isa = PBXBuildFile; fileRef = EAF477932731B05F00D31ABE /* FirstUnitGraphsViewController.swift */; };
		EAF477962731B07A00D31ABE /* FirstUnitVideosViewController.swift in Sources */ = {isa = PBXBuildFile; fileRef = EAF477952731B07A00D31ABE /* FirstUnitVideosViewController.swift */; };
		EAF4779B2731B0DC00D31ABE /* GoalsViewController.swift in Sources */ = {isa = PBXBuildFile; fileRef = EAF4779A2731B0DC00D31ABE /* GoalsViewController.swift */; };
		EAF4779D2731B0E700D31ABE /* WhyUsViewController.swift in Sources */ = {isa = PBXBuildFile; fileRef = EAF4779C2731B0E700D31ABE /* WhyUsViewController.swift */; };
		EAF4779F2731B0F400D31ABE /* ContactUsViewController.swift in Sources */ = {isa = PBXBuildFile; fileRef = EAF4779E2731B0F400D31ABE /* ContactUsViewController.swift */; };
		EAF477A12731B10600D31ABE /* WhoUsViewController.swift in Sources */ = {isa = PBXBuildFile; fileRef = EAF477A02731B10600D31ABE /* WhoUsViewController.swift */; };
		EAF477A52732093000D31ABE /* Protocols.swift in Sources */ = {isa = PBXBuildFile; fileRef = EAF477A42732093000D31ABE /* Protocols.swift */; };
/* End PBXBuildFile section */

/* Begin PBXContainerItemProxy section */
		EA7DE4BD273010C700FB0C8B /* PBXContainerItemProxy */ = {
			isa = PBXContainerItemProxy;
			containerPortal = EA7DE49B273010C500FB0C8B /* Project object */;
			proxyType = 1;
			remoteGlobalIDString = EA7DE4A2273010C500FB0C8B;
			remoteInfo = Nakd;
		};
		EA7DE4C7273010C700FB0C8B /* PBXContainerItemProxy */ = {
			isa = PBXContainerItemProxy;
			containerPortal = EA7DE49B273010C500FB0C8B /* Project object */;
			proxyType = 1;
			remoteGlobalIDString = EA7DE4A2273010C500FB0C8B;
			remoteInfo = Nakd;
		};
/* End PBXContainerItemProxy section */

/* Begin PBXFileReference section */
		0A7A978AF0A65504356FCB9C /* Pods-Nakd.release.xcconfig */ = {isa = PBXFileReference; includeInIndex = 1; lastKnownFileType = text.xcconfig; name = "Pods-Nakd.release.xcconfig"; path = "Target Support Files/Pods-Nakd/Pods-Nakd.release.xcconfig"; sourceTree = "<group>"; };
		2CD8CF60B9FC99D210BD9FC1 /* Pods_Nakd.framework */ = {isa = PBXFileReference; explicitFileType = wrapper.framework; includeInIndex = 0; path = Pods_Nakd.framework; sourceTree = BUILT_PRODUCTS_DIR; };
		347714DBA6283F27068CF356 /* Pods_NakdTests.framework */ = {isa = PBXFileReference; explicitFileType = wrapper.framework; includeInIndex = 0; path = Pods_NakdTests.framework; sourceTree = BUILT_PRODUCTS_DIR; };
		681615E0BF22AFFBF843289A /* Pods-NakdTests.debug.xcconfig */ = {isa = PBXFileReference; includeInIndex = 1; lastKnownFileType = text.xcconfig; name = "Pods-NakdTests.debug.xcconfig"; path = "Target Support Files/Pods-NakdTests/Pods-NakdTests.debug.xcconfig"; sourceTree = "<group>"; };
		69971B200D394E282652FC2F /* Pods_Nakd_NakdUITests.framework */ = {isa = PBXFileReference; explicitFileType = wrapper.framework; includeInIndex = 0; path = Pods_Nakd_NakdUITests.framework; sourceTree = BUILT_PRODUCTS_DIR; };
		A041BF2FBA2BA0F15B7E36E6 /* Pods-Nakd-NakdUITests.debug.xcconfig */ = {isa = PBXFileReference; includeInIndex = 1; lastKnownFileType = text.xcconfig; name = "Pods-Nakd-NakdUITests.debug.xcconfig"; path = "Target Support Files/Pods-Nakd-NakdUITests/Pods-Nakd-NakdUITests.debug.xcconfig"; sourceTree = "<group>"; };
		A2F8B2A857351B00F0281D2A /* Pods-Nakd-NakdUITests.release.xcconfig */ = {isa = PBXFileReference; includeInIndex = 1; lastKnownFileType = text.xcconfig; name = "Pods-Nakd-NakdUITests.release.xcconfig"; path = "Target Support Files/Pods-Nakd-NakdUITests/Pods-Nakd-NakdUITests.release.xcconfig"; sourceTree = "<group>"; };
		C0A0710E9EAFB41DAE772A98 /* Pods-Nakd.debug.xcconfig */ = {isa = PBXFileReference; includeInIndex = 1; lastKnownFileType = text.xcconfig; name = "Pods-Nakd.debug.xcconfig"; path = "Target Support Files/Pods-Nakd/Pods-Nakd.debug.xcconfig"; sourceTree = "<group>"; };
		CD1372BD917C57430E0D707B /* Pods-NakdTests.release.xcconfig */ = {isa = PBXFileReference; includeInIndex = 1; lastKnownFileType = text.xcconfig; name = "Pods-NakdTests.release.xcconfig"; path = "Target Support Files/Pods-NakdTests/Pods-NakdTests.release.xcconfig"; sourceTree = "<group>"; };
		EA67D1822734C53900823AC5 /* MoreDetailViewController.swift */ = {isa = PBXFileReference; lastKnownFileType = sourcecode.swift; path = MoreDetailViewController.swift; sourceTree = "<group>"; };
		EA67D1852734CA2B00823AC5 /* LoginViewController.swift */ = {isa = PBXFileReference; lastKnownFileType = sourcecode.swift; path = LoginViewController.swift; sourceTree = "<group>"; };
		EA7DE4A3273010C500FB0C8B /* Nakd.app */ = {isa = PBXFileReference; explicitFileType = wrapper.application; includeInIndex = 0; path = Nakd.app; sourceTree = BUILT_PRODUCTS_DIR; };
		EA7DE4A6273010C500FB0C8B /* AppDelegate.swift */ = {isa = PBXFileReference; lastKnownFileType = sourcecode.swift; path = AppDelegate.swift; sourceTree = "<group>"; };
		EA7DE4A8273010C500FB0C8B /* SceneDelegate.swift */ = {isa = PBXFileReference; lastKnownFileType = sourcecode.swift; path = SceneDelegate.swift; sourceTree = "<group>"; };
		EA7DE4AA273010C500FB0C8B /* HomeViewController.swift */ = {isa = PBXFileReference; lastKnownFileType = sourcecode.swift; path = HomeViewController.swift; sourceTree = "<group>"; };
		EA7DE4AD273010C500FB0C8B /* Base */ = {isa = PBXFileReference; lastKnownFileType = file.storyboard; name = Base; path = Base.lproj/Main.storyboard; sourceTree = "<group>"; };
		EA7DE4B0273010C500FB0C8B /* Nakd.xcdatamodel */ = {isa = PBXFileReference; lastKnownFileType = wrapper.xcdatamodel; path = Nakd.xcdatamodel; sourceTree = "<group>"; };
		EA7DE4B2273010C600FB0C8B /* Assets.xcassets */ = {isa = PBXFileReference; lastKnownFileType = folder.assetcatalog; path = Assets.xcassets; sourceTree = "<group>"; };
		EA7DE4B5273010C600FB0C8B /* Base */ = {isa = PBXFileReference; lastKnownFileType = file.storyboard; name = Base; path = Base.lproj/LaunchScreen.storyboard; sourceTree = "<group>"; };
		EA7DE4B7273010C600FB0C8B /* Info.plist */ = {isa = PBXFileReference; lastKnownFileType = text.plist.xml; path = Info.plist; sourceTree = "<group>"; };
		EA7DE4BC273010C700FB0C8B /* NakdTests.xctest */ = {isa = PBXFileReference; explicitFileType = wrapper.cfbundle; includeInIndex = 0; path = NakdTests.xctest; sourceTree = BUILT_PRODUCTS_DIR; };
		EA7DE4C0273010C700FB0C8B /* NakdTests.swift */ = {isa = PBXFileReference; lastKnownFileType = sourcecode.swift; path = NakdTests.swift; sourceTree = "<group>"; };
		EA7DE4C6273010C700FB0C8B /* NakdUITests.xctest */ = {isa = PBXFileReference; explicitFileType = wrapper.cfbundle; includeInIndex = 0; path = NakdUITests.xctest; sourceTree = BUILT_PRODUCTS_DIR; };
		EA7DE4CA273010C700FB0C8B /* NakdUITests.swift */ = {isa = PBXFileReference; lastKnownFileType = sourcecode.swift; path = NakdUITests.swift; sourceTree = "<group>"; };
		EA7DE4CC273010C700FB0C8B /* NakdUITestsLaunchTests.swift */ = {isa = PBXFileReference; lastKnownFileType = sourcecode.swift; path = NakdUITestsLaunchTests.swift; sourceTree = "<group>"; };
		EA7DE4E22730117900FB0C8B /* Localizable.strings */ = {isa = PBXFileReference; lastKnownFileType = text.plist.strings; path = Localizable.strings; sourceTree = "<group>"; };
		EA7DE4E4273011E600FB0C8B /* Localizable.swift */ = {isa = PBXFileReference; lastKnownFileType = sourcecode.swift; path = Localizable.swift; sourceTree = "<group>"; };
		EA7DE4E72730131F00FB0C8B /* Fonts.swift */ = {isa = PBXFileReference; lastKnownFileType = sourcecode.swift; path = Fonts.swift; sourceTree = "<group>"; };
		EA7DE4E92730133300FB0C8B /* Storyboarded.swift */ = {isa = PBXFileReference; lastKnownFileType = sourcecode.swift; path = Storyboarded.swift; sourceTree = "<group>"; };
		EAC3A00327302C840038CB85 /* Tajawal-Regular.ttf */ = {isa = PBXFileReference; lastKnownFileType = file; path = "Tajawal-Regular.ttf"; sourceTree = "<group>"; };
		EAC3A00427302C840038CB85 /* Tajawal-Bold.ttf */ = {isa = PBXFileReference; lastKnownFileType = file; path = "Tajawal-Bold.ttf"; sourceTree = "<group>"; };
		EAC3A00527302C840038CB85 /* Tajawal-ExtraLight.ttf */ = {isa = PBXFileReference; lastKnownFileType = file; path = "Tajawal-ExtraLight.ttf"; sourceTree = "<group>"; };
		EAC3A00627302C840038CB85 /* Tajawal-Light.ttf */ = {isa = PBXFileReference; lastKnownFileType = file; path = "Tajawal-Light.ttf"; sourceTree = "<group>"; };
		EAC3A00727302C840038CB85 /* Tajawal-Medium.ttf */ = {isa = PBXFileReference; lastKnownFileType = file; path = "Tajawal-Medium.ttf"; sourceTree = "<group>"; };
		EAC3A00827302C850038CB85 /* Tajawal-ExtraBold.ttf */ = {isa = PBXFileReference; lastKnownFileType = file; path = "Tajawal-ExtraBold.ttf"; sourceTree = "<group>"; };
		EAC3A00927302C850038CB85 /* Tajawal-Black.ttf */ = {isa = PBXFileReference; lastKnownFileType = file; path = "Tajawal-Black.ttf"; sourceTree = "<group>"; };
		EAC3A01227302D020038CB85 /* TableViewExt.swift */ = {isa = PBXFileReference; lastKnownFileType = sourcecode.swift; path = TableViewExt.swift; sourceTree = "<group>"; };
		EAC3A0152730387A0038CB85 /* Constants.swift */ = {isa = PBXFileReference; lastKnownFileType = sourcecode.swift; path = Constants.swift; sourceTree = "<group>"; };
		EAC3A01727303BCB0038CB85 /* TabBarCordinator.swift */ = {isa = PBXFileReference; lastKnownFileType = sourcecode.swift; path = TabBarCordinator.swift; sourceTree = "<group>"; };
		EAC3A01927303C010038CB85 /* HomeRouter.swift */ = {isa = PBXFileReference; lastKnownFileType = sourcecode.swift; path = HomeRouter.swift; sourceTree = "<group>"; };
		EAC3A01B27303C090038CB85 /* MoreRouter.swift */ = {isa = PBXFileReference; lastKnownFileType = sourcecode.swift; path = MoreRouter.swift; sourceTree = "<group>"; };
		EAC3A01E27303C6F0038CB85 /* MoreViewController.swift */ = {isa = PBXFileReference; lastKnownFileType = sourcecode.swift; path = MoreViewController.swift; sourceTree = "<group>"; };
		EAC3A02027303D160038CB85 /* MoreViewModel.swift */ = {isa = PBXFileReference; lastKnownFileType = sourcecode.swift; path = MoreViewModel.swift; sourceTree = "<group>"; };
		EAC3A02227303D1F0038CB85 /* HomeViewModel.swift */ = {isa = PBXFileReference; lastKnownFileType = sourcecode.swift; path = HomeViewModel.swift; sourceTree = "<group>"; };
		EAC3A02427303DFC0038CB85 /* AppCordinator.swift */ = {isa = PBXFileReference; lastKnownFileType = sourcecode.swift; path = AppCordinator.swift; sourceTree = "<group>"; };
		EAC3A02627303E500038CB85 /* TabBarVC.swift */ = {isa = PBXFileReference; lastKnownFileType = sourcecode.swift; path = TabBarVC.swift; sourceTree = "<group>"; };
		EAC3A028273041890038CB85 /* ar */ = {isa = PBXFileReference; lastKnownFileType = text.plist.strings; name = ar; path = ar.lproj/Main.strings; sourceTree = "<group>"; };
		EAC3A0292730418A0038CB85 /* ar */ = {isa = PBXFileReference; lastKnownFileType = text.plist.strings; name = ar; path = ar.lproj/LaunchScreen.strings; sourceTree = "<group>"; };
		EAD06A0E2730998500AFBE93 /* OthersCollectionViewCell.swift */ = {isa = PBXFileReference; lastKnownFileType = sourcecode.swift; path = OthersCollectionViewCell.swift; sourceTree = "<group>"; };
		EAD06A0F2730998500AFBE93 /* OthersCollectionViewCell.xib */ = {isa = PBXFileReference; lastKnownFileType = file.xib; path = OthersCollectionViewCell.xib; sourceTree = "<group>"; };
		EAD06A1227309A1900AFBE93 /* OthersTableViewCollectionCell.swift */ = {isa = PBXFileReference; lastKnownFileType = sourcecode.swift; path = OthersTableViewCollectionCell.swift; sourceTree = "<group>"; };
		EAD06A1327309A1900AFBE93 /* OthersTableViewCollectionCell.xib */ = {isa = PBXFileReference; lastKnownFileType = file.xib; path = OthersTableViewCollectionCell.xib; sourceTree = "<group>"; };
		EAD553FF2730952A00F5F26B /* CategoriesTableViewCollectionCell.swift */ = {isa = PBXFileReference; lastKnownFileType = sourcecode.swift; path = CategoriesTableViewCollectionCell.swift; sourceTree = "<group>"; };
		EAD554002730952A00F5F26B /* CategoriesTableViewCollectionCell.xib */ = {isa = PBXFileReference; lastKnownFileType = file.xib; path = CategoriesTableViewCollectionCell.xib; sourceTree = "<group>"; };
		EAD5540C273096F400F5F26B /* CategoriesCollectionViewCell.swift */ = {isa = PBXFileReference; lastKnownFileType = sourcecode.swift; path = CategoriesCollectionViewCell.swift; sourceTree = "<group>"; };
		EAD5540D273096F400F5F26B /* CategoriesCollectionViewCell.xib */ = {isa = PBXFileReference; lastKnownFileType = file.xib; path = CategoriesCollectionViewCell.xib; sourceTree = "<group>"; };
		EAD9F1512732EC180086F984 /* FirstUnitQuestion.swift */ = {isa = PBXFileReference; lastKnownFileType = sourcecode.swift; path = FirstUnitQuestion.swift; sourceTree = "<group>"; };
		EAD9F1532732EC220086F984 /* FirstUnitQuestionBank.swift */ = {isa = PBXFileReference; lastKnownFileType = sourcecode.swift; path = FirstUnitQuestionBank.swift; sourceTree = "<group>"; };
		EAD9F18C27334B930086F984 /* failure.json */ = {isa = PBXFileReference; fileEncoding = 4; lastKnownFileType = text.json; path = failure.json; sourceTree = "<group>"; };
		EAD9F18E27334B9B0086F984 /* success.json */ = {isa = PBXFileReference; fileEncoding = 4; lastKnownFileType = text.json; path = success.json; sourceTree = "<group>"; };
		EAD9F195273353880086F984 /* SecondUnitQuestion.swift */ = {isa = PBXFileReference; lastKnownFileType = sourcecode.swift; path = SecondUnitQuestion.swift; sourceTree = "<group>"; };
		EAD9F197273353980086F984 /* SecondUnitQuestionBank.swift */ = {isa = PBXFileReference; lastKnownFileType = sourcecode.swift; path = SecondUnitQuestionBank.swift; sourceTree = "<group>"; };
		EAD9F19B273359070086F984 /* FirstUnitVideosTableViewCell.swift */ = {isa = PBXFileReference; lastKnownFileType = sourcecode.swift; path = FirstUnitVideosTableViewCell.swift; sourceTree = "<group>"; };
		EAD9F19C273359070086F984 /* FirstUnitVideosTableViewCell.xib */ = {isa = PBXFileReference; lastKnownFileType = file.xib; path = FirstUnitVideosTableViewCell.xib; sourceTree = "<group>"; };
		EAD9F19F27335BF50086F984 /* SecondUnitVideosTableViewCell.swift */ = {isa = PBXFileReference; lastKnownFileType = sourcecode.swift; path = SecondUnitVideosTableViewCell.swift; sourceTree = "<group>"; };
		EAD9F1A027335BF50086F984 /* SecondUnitVideosTableViewCell.xib */ = {isa = PBXFileReference; lastKnownFileType = file.xib; path = SecondUnitVideosTableViewCell.xib; sourceTree = "<group>"; };
		EAD9F1A427335D7C0086F984 /* FinalQuizViewController.swift */ = {isa = PBXFileReference; lastKnownFileType = sourcecode.swift; path = FinalQuizViewController.swift; sourceTree = "<group>"; };
		EAD9F1A627335DD60086F984 /* FinalQuizQuestions.swift */ = {isa = PBXFileReference; lastKnownFileType = sourcecode.swift; path = FinalQuizQuestions.swift; sourceTree = "<group>"; };
		EAD9F1A827335DE10086F984 /* FinalQuizQuestionBank.swift */ = {isa = PBXFileReference; lastKnownFileType = sourcecode.swift; path = FinalQuizQuestionBank.swift; sourceTree = "<group>"; };
		EAD9F1AE2734B79C0086F984 /* FirstUnitVideo1.m4v */ = {isa = PBXFileReference; lastKnownFileType = file; path = FirstUnitVideo1.m4v; sourceTree = "<group>"; };
		EAD9F1AF2734B79D0086F984 /* FirstUnitVideo2.m4v */ = {isa = PBXFileReference; lastKnownFileType = file; path = FirstUnitVideo2.m4v; sourceTree = "<group>"; };
		EAD9F1B42734BA1D0086F984 /* SecondUnitVideo2.m4v */ = {isa = PBXFileReference; lastKnownFileType = file; path = SecondUnitVideo2.m4v; sourceTree = "<group>"; };
		EAD9F1B52734BA1E0086F984 /* SecondUnitVideo1.m4v */ = {isa = PBXFileReference; lastKnownFileType = file; path = SecondUnitVideo1.m4v; sourceTree = "<group>"; };
		EAD9F1BD2734BE740086F984 /* FirstUnitGraph1.jpeg */ = {isa = PBXFileReference; lastKnownFileType = image.jpeg; path = FirstUnitGraph1.jpeg; sourceTree = "<group>"; };
		EAD9F1BE2734BE740086F984 /* SecondUnitGraph2.jpeg */ = {isa = PBXFileReference; lastKnownFileType = image.jpeg; path = SecondUnitGraph2.jpeg; sourceTree = "<group>"; };
		EAD9F1C22734BEFA0086F984 /* Unit2Graph1.jpeg */ = {isa = PBXFileReference; lastKnownFileType = image.jpeg; path = Unit2Graph1.jpeg; sourceTree = "<group>"; };
		EAD9F1C42734BFCF0086F984 /* FirstUnitImageViewController.swift */ = {isa = PBXFileReference; lastKnownFileType = sourcecode.swift; path = FirstUnitImageViewController.swift; sourceTree = "<group>"; };
		EAD9F1C72734C2440086F984 /* SecondUnitImageViewController.swift */ = {isa = PBXFileReference; lastKnownFileType = sourcecode.swift; path = SecondUnitImageViewController.swift; sourceTree = "<group>"; };
		EAF477552731431C00D31ABE /* SplashViewController.swift */ = {isa = PBXFileReference; lastKnownFileType = sourcecode.swift; path = SplashViewController.swift; sourceTree = "<group>"; };
		EAF477572731435700D31ABE /* robot.json */ = {isa = PBXFileReference; fileEncoding = 4; lastKnownFileType = text.json; path = robot.json; sourceTree = "<group>"; };
		EAF4775B27315D2E00D31ABE /* FirstUnitViewController.swift */ = {isa = PBXFileReference; lastKnownFileType = sourcecode.swift; path = FirstUnitViewController.swift; sourceTree = "<group>"; };
		EAF4775F27315D4500D31ABE /* FirstUnitViewModel.swift */ = {isa = PBXFileReference; lastKnownFileType = sourcecode.swift; path = FirstUnitViewModel.swift; sourceTree = "<group>"; };
		EAF4776327315D5E00D31ABE /* FirstUnitFormViewController.swift */ = {isa = PBXFileReference; lastKnownFileType = sourcecode.swift; path = FirstUnitFormViewController.swift; sourceTree = "<group>"; };
		EAF4776527315DCD00D31ABE /* Unit1.storyboard */ = {isa = PBXFileReference; lastKnownFileType = file.storyboard; path = Unit1.storyboard; sourceTree = "<group>"; };
		EAF47769273178F200D31ABE /* SecondUnitViewController.swift */ = {isa = PBXFileReference; lastKnownFileType = sourcecode.swift; path = SecondUnitViewController.swift; sourceTree = "<group>"; };
		EAF4776B2731790900D31ABE /* SecondUnitViewModel.swift */ = {isa = PBXFileReference; lastKnownFileType = sourcecode.swift; path = SecondUnitViewModel.swift; sourceTree = "<group>"; };
		EAF4776F2731792300D31ABE /* SecondUnitFormViewController.swift */ = {isa = PBXFileReference; lastKnownFileType = sourcecode.swift; path = SecondUnitFormViewController.swift; sourceTree = "<group>"; };
		EAF477752731798B00D31ABE /* Unit2.storyboard */ = {isa = PBXFileReference; lastKnownFileType = file.storyboard; path = Unit2.storyboard; sourceTree = "<group>"; };
		EAF477782731856B00D31ABE /* IntroViewController.swift */ = {isa = PBXFileReference; lastKnownFileType = sourcecode.swift; path = IntroViewController.swift; sourceTree = "<group>"; };
		EAF4777A2731857200D31ABE /* Intro.storyboard */ = {isa = PBXFileReference; lastKnownFileType = file.storyboard; path = Intro.storyboard; sourceTree = "<group>"; };
		EAF4777C2731934900D31ABE /* FirstUnitCollectionViewCell.swift */ = {isa = PBXFileReference; lastKnownFileType = sourcecode.swift; path = FirstUnitCollectionViewCell.swift; sourceTree = "<group>"; };
		EAF4777D2731934900D31ABE /* FirstUnitCollectionViewCell.xib */ = {isa = PBXFileReference; lastKnownFileType = file.xib; path = FirstUnitCollectionViewCell.xib; sourceTree = "<group>"; };
		EAF477802731947500D31ABE /* SecondUnitCollectionViewCell.swift */ = {isa = PBXFileReference; lastKnownFileType = sourcecode.swift; path = SecondUnitCollectionViewCell.swift; sourceTree = "<group>"; };
		EAF477812731947500D31ABE /* SecondUnitCollectionViewCell.xib */ = {isa = PBXFileReference; lastKnownFileType = file.xib; path = SecondUnitCollectionViewCell.xib; sourceTree = "<group>"; };
		EAF477862731A98500D31ABE /* MoreCollectionsViewCell.swift */ = {isa = PBXFileReference; lastKnownFileType = sourcecode.swift; path = MoreCollectionsViewCell.swift; sourceTree = "<group>"; };
		EAF477872731A98500D31ABE /* MoreCollectionsViewCell.xib */ = {isa = PBXFileReference; lastKnownFileType = file.xib; path = MoreCollectionsViewCell.xib; sourceTree = "<group>"; };
		EAF4778B2731AFC100D31ABE /* SecondUnitGraphsViewController.swift */ = {isa = PBXFileReference; lastKnownFileType = sourcecode.swift; path = SecondUnitGraphsViewController.swift; sourceTree = "<group>"; };
		EAF4778F2731AFFA00D31ABE /* SecondUnitVideosViewController.swift */ = {isa = PBXFileReference; lastKnownFileType = sourcecode.swift; path = SecondUnitVideosViewController.swift; sourceTree = "<group>"; };
		EAF477932731B05F00D31ABE /* FirstUnitGraphsViewController.swift */ = {isa = PBXFileReference; lastKnownFileType = sourcecode.swift; path = FirstUnitGraphsViewController.swift; sourceTree = "<group>"; };
		EAF477952731B07A00D31ABE /* FirstUnitVideosViewController.swift */ = {isa = PBXFileReference; lastKnownFileType = sourcecode.swift; path = FirstUnitVideosViewController.swift; sourceTree = "<group>"; };
		EAF4779A2731B0DC00D31ABE /* GoalsViewController.swift */ = {isa = PBXFileReference; lastKnownFileType = sourcecode.swift; path = GoalsViewController.swift; sourceTree = "<group>"; };
		EAF4779C2731B0E700D31ABE /* WhyUsViewController.swift */ = {isa = PBXFileReference; lastKnownFileType = sourcecode.swift; path = WhyUsViewController.swift; sourceTree = "<group>"; };
		EAF4779E2731B0F400D31ABE /* ContactUsViewController.swift */ = {isa = PBXFileReference; lastKnownFileType = sourcecode.swift; path = ContactUsViewController.swift; sourceTree = "<group>"; };
		EAF477A02731B10600D31ABE /* WhoUsViewController.swift */ = {isa = PBXFileReference; lastKnownFileType = sourcecode.swift; path = WhoUsViewController.swift; sourceTree = "<group>"; };
		EAF477A42732093000D31ABE /* Protocols.swift */ = {isa = PBXFileReference; lastKnownFileType = sourcecode.swift; path = Protocols.swift; sourceTree = "<group>"; };
/* End PBXFileReference section */

/* Begin PBXFrameworksBuildPhase section */
		EA7DE4A0273010C500FB0C8B /* Frameworks */ = {
			isa = PBXFrameworksBuildPhase;
			buildActionMask = 2147483647;
			files = (
				C4A55BCA8278A6A9B1050240 /* Pods_Nakd.framework in Frameworks */,
			);
			runOnlyForDeploymentPostprocessing = 0;
		};
		EA7DE4B9273010C700FB0C8B /* Frameworks */ = {
			isa = PBXFrameworksBuildPhase;
			buildActionMask = 2147483647;
			files = (
				2A84BEA5DB80DFEE5DCC054C /* Pods_NakdTests.framework in Frameworks */,
			);
			runOnlyForDeploymentPostprocessing = 0;
		};
		EA7DE4C3273010C700FB0C8B /* Frameworks */ = {
			isa = PBXFrameworksBuildPhase;
			buildActionMask = 2147483647;
			files = (
				CC76C86A98F0D3E767F31CC5 /* Pods_Nakd_NakdUITests.framework in Frameworks */,
			);
			runOnlyForDeploymentPostprocessing = 0;
		};
/* End PBXFrameworksBuildPhase section */

/* Begin PBXGroup section */
		D70078B5F1787CC7CF3D9A7C /* Pods */ = {
			isa = PBXGroup;
			children = (
				C0A0710E9EAFB41DAE772A98 /* Pods-Nakd.debug.xcconfig */,
				0A7A978AF0A65504356FCB9C /* Pods-Nakd.release.xcconfig */,
				A041BF2FBA2BA0F15B7E36E6 /* Pods-Nakd-NakdUITests.debug.xcconfig */,
				A2F8B2A857351B00F0281D2A /* Pods-Nakd-NakdUITests.release.xcconfig */,
				681615E0BF22AFFBF843289A /* Pods-NakdTests.debug.xcconfig */,
				CD1372BD917C57430E0D707B /* Pods-NakdTests.release.xcconfig */,
			);
			path = Pods;
			sourceTree = "<group>";
		};
		E4AA880CDF1FD257170CA61E /* Frameworks */ = {
			isa = PBXGroup;
			children = (
				2CD8CF60B9FC99D210BD9FC1 /* Pods_Nakd.framework */,
				69971B200D394E282652FC2F /* Pods_Nakd_NakdUITests.framework */,
				347714DBA6283F27068CF356 /* Pods_NakdTests.framework */,
			);
			name = Frameworks;
			sourceTree = "<group>";
		};
		EA67D1842734CA1400823AC5 /* Authentication */ = {
			isa = PBXGroup;
			children = (
				EA67D1852734CA2B00823AC5 /* LoginViewController.swift */,
			);
			path = Authentication;
			sourceTree = "<group>";
		};
		EA7DE49A273010C500FB0C8B = {
			isa = PBXGroup;
			children = (
				EA7DE4A5273010C500FB0C8B /* Nakd */,
				EA7DE4BF273010C700FB0C8B /* NakdTests */,
				EA7DE4C9273010C700FB0C8B /* NakdUITests */,
				EA7DE4A4273010C500FB0C8B /* Products */,
				D70078B5F1787CC7CF3D9A7C /* Pods */,
				E4AA880CDF1FD257170CA61E /* Frameworks */,
			);
			sourceTree = "<group>";
		};
		EA7DE4A4273010C500FB0C8B /* Products */ = {
			isa = PBXGroup;
			children = (
				EA7DE4A3273010C500FB0C8B /* Nakd.app */,
				EA7DE4BC273010C700FB0C8B /* NakdTests.xctest */,
				EA7DE4C6273010C700FB0C8B /* NakdUITests.xctest */,
			);
			name = Products;
			sourceTree = "<group>";
		};
		EA7DE4A5273010C500FB0C8B /* Nakd */ = {
			isa = PBXGroup;
			children = (
				EA7DE4D9273010D600FB0C8B /* App Delegate */,
				EA7DE4DC2730110500FB0C8B /* Modules */,
				EA7DE4DA273010EA00FB0C8B /* Storyboard */,
				EA7DE4DB273010FE00FB0C8B /* Assets */,
				EA7DE4DF2730114400FB0C8B /* Helper */,
				EA7DE4B7273010C600FB0C8B /* Info.plist */,
			);
			path = Nakd;
			sourceTree = "<group>";
		};
		EA7DE4BF273010C700FB0C8B /* NakdTests */ = {
			isa = PBXGroup;
			children = (
				EA7DE4C0273010C700FB0C8B /* NakdTests.swift */,
			);
			path = NakdTests;
			sourceTree = "<group>";
		};
		EA7DE4C9273010C700FB0C8B /* NakdUITests */ = {
			isa = PBXGroup;
			children = (
				EA7DE4CA273010C700FB0C8B /* NakdUITests.swift */,
				EA7DE4CC273010C700FB0C8B /* NakdUITestsLaunchTests.swift */,
			);
			path = NakdUITests;
			sourceTree = "<group>";
		};
		EA7DE4D9273010D600FB0C8B /* App Delegate */ = {
			isa = PBXGroup;
			children = (
				EA7DE4A6273010C500FB0C8B /* AppDelegate.swift */,
				EA7DE4A8273010C500FB0C8B /* SceneDelegate.swift */,
			);
			path = "App Delegate";
			sourceTree = "<group>";
		};
		EA7DE4DA273010EA00FB0C8B /* Storyboard */ = {
			isa = PBXGroup;
			children = (
				EA7DE4AC273010C500FB0C8B /* Main.storyboard */,
				EA7DE4B4273010C600FB0C8B /* LaunchScreen.storyboard */,
			);
			path = Storyboard;
			sourceTree = "<group>";
		};
		EA7DE4DB273010FE00FB0C8B /* Assets */ = {
			isa = PBXGroup;
			children = (
				EAF477572731435700D31ABE /* robot.json */,
				EAD9F18C27334B930086F984 /* failure.json */,
				EAD9F18E27334B9B0086F984 /* success.json */,
				EA7DE4B2273010C600FB0C8B /* Assets.xcassets */,
				EA7DE4AF273010C500FB0C8B /* Nakd.xcdatamodeld */,
			);
			path = Assets;
			sourceTree = "<group>";
		};
		EA7DE4DC2730110500FB0C8B /* Modules */ = {
			isa = PBXGroup;
			children = (
				EA67D1842734CA1400823AC5 /* Authentication */,
				EAF477542731430000D31ABE /* SplashScreen */,
				EAC3A02A273041B40038CB85 /* TabBar */,
				EAC3A0142730386E0038CB85 /* Home Module */,
				EAC3A01D27303C5F0038CB85 /* More Module */,
			);
			path = Modules;
			sourceTree = "<group>";
		};
		EA7DE4DF2730114400FB0C8B /* Helper */ = {
			isa = PBXGroup;
			children = (
				EAF477A32732092000D31ABE /* Protocols */,
				EAC3A01127302CF60038CB85 /* Extension */,
				EA7DE4E62730130000FB0C8B /* Fonts */,
				EA7DE4E12730116600FB0C8B /* Localization */,
				EA7DE4E02730115D00FB0C8B /* Navigation */,
			);
			path = Helper;
			sourceTree = "<group>";
		};
		EA7DE4E02730115D00FB0C8B /* Navigation */ = {
			isa = PBXGroup;
			children = (
				EAC3A02427303DFC0038CB85 /* AppCordinator.swift */,
				EA7DE4E92730133300FB0C8B /* Storyboarded.swift */,
				EAC3A01727303BCB0038CB85 /* TabBarCordinator.swift */,
				EAC3A01927303C010038CB85 /* HomeRouter.swift */,
				EAC3A01B27303C090038CB85 /* MoreRouter.swift */,
			);
			path = Navigation;
			sourceTree = "<group>";
		};
		EA7DE4E12730116600FB0C8B /* Localization */ = {
			isa = PBXGroup;
			children = (
				EA7DE4E22730117900FB0C8B /* Localizable.strings */,
				EA7DE4E4273011E600FB0C8B /* Localizable.swift */,
			);
			path = Localization;
			sourceTree = "<group>";
		};
		EA7DE4E62730130000FB0C8B /* Fonts */ = {
			isa = PBXGroup;
			children = (
				EAC3A00927302C850038CB85 /* Tajawal-Black.ttf */,
				EAC3A00427302C840038CB85 /* Tajawal-Bold.ttf */,
				EAC3A00827302C850038CB85 /* Tajawal-ExtraBold.ttf */,
				EAC3A00527302C840038CB85 /* Tajawal-ExtraLight.ttf */,
				EAC3A00627302C840038CB85 /* Tajawal-Light.ttf */,
				EAC3A00727302C840038CB85 /* Tajawal-Medium.ttf */,
				EAC3A00327302C840038CB85 /* Tajawal-Regular.ttf */,
				EA7DE4E72730131F00FB0C8B /* Fonts.swift */,
			);
			path = Fonts;
			sourceTree = "<group>";
		};
		EAC3A01127302CF60038CB85 /* Extension */ = {
			isa = PBXGroup;
			children = (
				EAC3A01227302D020038CB85 /* TableViewExt.swift */,
			);
			path = Extension;
			sourceTree = "<group>";
		};
		EAC3A0142730386E0038CB85 /* Home Module */ = {
			isa = PBXGroup;
			children = (
				EAF4775927315D0400D31ABE /* Home */,
				EAF4775A27315D0C00D31ABE /* Categories */,
			);
			path = "Home Module";
			sourceTree = "<group>";
		};
		EAC3A01D27303C5F0038CB85 /* More Module */ = {
			isa = PBXGroup;
			children = (
				EAD06A1A2730A59200AFBE93 /* MoreVC */,
				EAF477A22731B10B00D31ABE /* Components */,
				EAD06A1C2730A6E700AFBE93 /* CustomCells */,
			);
			path = "More Module";
			sourceTree = "<group>";
		};
		EAC3A02A273041B40038CB85 /* TabBar */ = {
			isa = PBXGroup;
			children = (
				EAC3A02627303E500038CB85 /* TabBarVC.swift */,
			);
			path = TabBar;
			sourceTree = "<group>";
		};
		EAD06A162730A55D00AFBE93 /* ViewController */ = {
			isa = PBXGroup;
			children = (
				EA7DE4AA273010C500FB0C8B /* HomeViewController.swift */,
			);
			path = ViewController;
			sourceTree = "<group>";
		};
		EAD06A172730A56A00AFBE93 /* ViewModel */ = {
			isa = PBXGroup;
			children = (
				EAC3A02227303D1F0038CB85 /* HomeViewModel.swift */,
			);
			path = ViewModel;
			sourceTree = "<group>";
		};
		EAD06A182730A57D00AFBE93 /* CustomCells */ = {
			isa = PBXGroup;
			children = (
				EAD554072730969000F5F26B /* CategoriesCell */,
				EAD554082730969D00F5F26B /* OthersCell */,
			);
			path = CustomCells;
			sourceTree = "<group>";
		};
		EAD06A192730A58A00AFBE93 /* Models */ = {
			isa = PBXGroup;
			children = (
				EAC3A0152730387A0038CB85 /* Constants.swift */,
			);
			path = Models;
			sourceTree = "<group>";
		};
		EAD06A1A2730A59200AFBE93 /* MoreVC */ = {
			isa = PBXGroup;
			children = (
				EAC3A01E27303C6F0038CB85 /* MoreViewController.swift */,
				EAC3A02027303D160038CB85 /* MoreViewModel.swift */,
				EA67D1822734C53900823AC5 /* MoreDetailViewController.swift */,
			);
			path = MoreVC;
			sourceTree = "<group>";
		};
		EAD06A1C2730A6E700AFBE93 /* CustomCells */ = {
			isa = PBXGroup;
			children = (
				EAF477862731A98500D31ABE /* MoreCollectionsViewCell.swift */,
				EAF477872731A98500D31ABE /* MoreCollectionsViewCell.xib */,
			);
			path = CustomCells;
			sourceTree = "<group>";
		};
		EAD554072730969000F5F26B /* CategoriesCell */ = {
			isa = PBXGroup;
			children = (
				EAD5540A273096CC00F5F26B /* TableViewCollectionCell */,
				EAD5540B273096DA00F5F26B /* CollectionCustomCell */,
			);
			path = CategoriesCell;
			sourceTree = "<group>";
		};
		EAD554082730969D00F5F26B /* OthersCell */ = {
			isa = PBXGroup;
			children = (
				EAD554112730971300F5F26B /* TableViewCollectionCell */,
				EAD55410273096FA00F5F26B /* CollectionCustomCell */,
			);
			path = OthersCell;
			sourceTree = "<group>";
		};
		EAD5540A273096CC00F5F26B /* TableViewCollectionCell */ = {
			isa = PBXGroup;
			children = (
				EAD553FF2730952A00F5F26B /* CategoriesTableViewCollectionCell.swift */,
				EAD554002730952A00F5F26B /* CategoriesTableViewCollectionCell.xib */,
			);
			path = TableViewCollectionCell;
			sourceTree = "<group>";
		};
		EAD5540B273096DA00F5F26B /* CollectionCustomCell */ = {
			isa = PBXGroup;
			children = (
				EAD5540C273096F400F5F26B /* CategoriesCollectionViewCell.swift */,
				EAD5540D273096F400F5F26B /* CategoriesCollectionViewCell.xib */,
			);
			path = CollectionCustomCell;
			sourceTree = "<group>";
		};
		EAD55410273096FA00F5F26B /* CollectionCustomCell */ = {
			isa = PBXGroup;
			children = (
				EAD06A0E2730998500AFBE93 /* OthersCollectionViewCell.swift */,
				EAD06A0F2730998500AFBE93 /* OthersCollectionViewCell.xib */,
			);
			path = CollectionCustomCell;
			sourceTree = "<group>";
		};
		EAD554112730971300F5F26B /* TableViewCollectionCell */ = {
			isa = PBXGroup;
			children = (
				EAD06A1227309A1900AFBE93 /* OthersTableViewCollectionCell.swift */,
				EAD06A1327309A1900AFBE93 /* OthersTableViewCollectionCell.xib */,
			);
			path = TableViewCollectionCell;
			sourceTree = "<group>";
		};
		EAD9F1502732EC050086F984 /* Quiz */ = {
			isa = PBXGroup;
			children = (
				EAF4776327315D5E00D31ABE /* FirstUnitFormViewController.swift */,
				EAD9F1512732EC180086F984 /* FirstUnitQuestion.swift */,
				EAD9F1532732EC220086F984 /* FirstUnitQuestionBank.swift */,
			);
			path = Quiz;
			sourceTree = "<group>";
		};
		EAD9F190273353520086F984 /* Quiz */ = {
			isa = PBXGroup;
			children = (
				EAF4776F2731792300D31ABE /* SecondUnitFormViewController.swift */,
				EAD9F195273353880086F984 /* SecondUnitQuestion.swift */,
				EAD9F197273353980086F984 /* SecondUnitQuestionBank.swift */,
			);
			path = Quiz;
			sourceTree = "<group>";
		};
		EAD9F191273353570086F984 /* Graphs */ = {
			isa = PBXGroup;
			children = (
				EAD9F1C12734BE920086F984 /* GraphsImages */,
				EAF4778B2731AFC100D31ABE /* SecondUnitGraphsViewController.swift */,
				EAD9F1C72734C2440086F984 /* SecondUnitImageViewController.swift */,
			);
			path = Graphs;
			sourceTree = "<group>";
		};
		EAD9F194273353700086F984 /* Graphs */ = {
			isa = PBXGroup;
			children = (
				EAD9F1C62734C0330086F984 /* Unit2Images */,
				EAF477932731B05F00D31ABE /* FirstUnitGraphsViewController.swift */,
				EAD9F1C42734BFCF0086F984 /* FirstUnitImageViewController.swift */,
			);
			path = Graphs;
			sourceTree = "<group>";
		};
		EAD9F199273357AC0086F984 /* ViewController */ = {
			isa = PBXGroup;
			children = (
				EAF47784273194E500D31ABE /* CollectionCell */,
				EAF4775B27315D2E00D31ABE /* FirstUnitViewController.swift */,
			);
			path = ViewController;
			sourceTree = "<group>";
		};
		EAD9F19A273357B40086F984 /* ViewModel */ = {
			isa = PBXGroup;
			children = (
				EAF4775F27315D4500D31ABE /* FirstUnitViewModel.swift */,
			);
			path = ViewModel;
			sourceTree = "<group>";
		};
		EAD9F1A327335D650086F984 /* FinalQuiz */ = {
			isa = PBXGroup;
			children = (
				EAD9F1A427335D7C0086F984 /* FinalQuizViewController.swift */,
				EAD9F1A627335DD60086F984 /* FinalQuizQuestions.swift */,
				EAD9F1A827335DE10086F984 /* FinalQuizQuestionBank.swift */,
			);
			path = FinalQuiz;
			sourceTree = "<group>";
		};
		EAD9F1AA2734B5B90086F984 /* Storyboard */ = {
			isa = PBXGroup;
			children = (
				EAF4776527315DCD00D31ABE /* Unit1.storyboard */,
			);
			path = Storyboard;
			sourceTree = "<group>";
		};
		EAD9F1AB2734B5E40086F984 /* TableView Cell */ = {
			isa = PBXGroup;
			children = (
				EAD9F19B273359070086F984 /* FirstUnitVideosTableViewCell.swift */,
				EAD9F19C273359070086F984 /* FirstUnitVideosTableViewCell.xib */,
			);
			path = "TableView Cell";
			sourceTree = "<group>";
		};
		EAD9F1B22734B8890086F984 /* Unit1Videos */ = {
			isa = PBXGroup;
			children = (
				EAD9F1AE2734B79C0086F984 /* FirstUnitVideo1.m4v */,
				EAD9F1AF2734B79D0086F984 /* FirstUnitVideo2.m4v */,
			);
			path = Unit1Videos;
			sourceTree = "<group>";
		};
		EAD9F1B32734BA010086F984 /* Unit2Videos */ = {
			isa = PBXGroup;
			children = (
				EAD9F1B52734BA1E0086F984 /* SecondUnitVideo1.m4v */,
				EAD9F1B42734BA1D0086F984 /* SecondUnitVideo2.m4v */,
			);
			path = Unit2Videos;
			sourceTree = "<group>";
		};
		EAD9F1B82734BAFF0086F984 /* ViewModel */ = {
			isa = PBXGroup;
			children = (
				EAF4776B2731790900D31ABE /* SecondUnitViewModel.swift */,
			);
			path = ViewModel;
			sourceTree = "<group>";
		};
		EAD9F1B92734BB080086F984 /* ViewController */ = {
			isa = PBXGroup;
			children = (
				EAF47785273194F200D31ABE /* CollectionCell */,
				EAF47769273178F200D31ABE /* SecondUnitViewController.swift */,
			);
			path = ViewController;
			sourceTree = "<group>";
		};
		EAD9F1BA2734BB120086F984 /* Storyboard */ = {
			isa = PBXGroup;
			children = (
				EAF477752731798B00D31ABE /* Unit2.storyboard */,
			);
			path = Storyboard;
			sourceTree = "<group>";
		};
		EAD9F1BB2734BB380086F984 /* TableViewCell */ = {
			isa = PBXGroup;
			children = (
				EAD9F19F27335BF50086F984 /* SecondUnitVideosTableViewCell.swift */,
				EAD9F1A027335BF50086F984 /* SecondUnitVideosTableViewCell.xib */,
			);
			path = TableViewCell;
			sourceTree = "<group>";
		};
		EAD9F1BC2734BB420086F984 /* ViewController */ = {
			isa = PBXGroup;
			children = (
				EAF4778F2731AFFA00D31ABE /* SecondUnitVideosViewController.swift */,
			);
			path = ViewController;
			sourceTree = "<group>";
		};
		EAD9F1C12734BE920086F984 /* GraphsImages */ = {
			isa = PBXGroup;
			children = (
				EAD9F1BD2734BE740086F984 /* FirstUnitGraph1.jpeg */,
				EAD9F1BE2734BE740086F984 /* SecondUnitGraph2.jpeg */,
			);
			path = GraphsImages;
			sourceTree = "<group>";
		};
		EAD9F1C62734C0330086F984 /* Unit2Images */ = {
			isa = PBXGroup;
			children = (
				EAD9F1C22734BEFA0086F984 /* Unit2Graph1.jpeg */,
			);
			path = Unit2Images;
			sourceTree = "<group>";
		};
		EAF477542731430000D31ABE /* SplashScreen */ = {
			isa = PBXGroup;
			children = (
				EAF477552731431C00D31ABE /* SplashViewController.swift */,
			);
			path = SplashScreen;
			sourceTree = "<group>";
		};
		EAF4775927315D0400D31ABE /* Home */ = {
			isa = PBXGroup;
			children = (
				EAD06A162730A55D00AFBE93 /* ViewController */,
				EAD06A172730A56A00AFBE93 /* ViewModel */,
				EAD06A182730A57D00AFBE93 /* CustomCells */,
				EAD06A192730A58A00AFBE93 /* Models */,
			);
			path = Home;
			sourceTree = "<group>";
		};
		EAF4775A27315D0C00D31ABE /* Categories */ = {
			isa = PBXGroup;
			children = (
				EAF477772731855F00D31ABE /* Intro */,
				EAF47768273178D100D31ABE /* FirstUnit */,
				EAF47767273178C400D31ABE /* SecondUnit */,
				EAD9F1A327335D650086F984 /* FinalQuiz */,
			);
			path = Categories;
			sourceTree = "<group>";
		};
		EAF47767273178C400D31ABE /* SecondUnit */ = {
			isa = PBXGroup;
			children = (
				EAD9F1BA2734BB120086F984 /* Storyboard */,
				EAF4778A2731AF8F00D31ABE /* ViewController */,
				EAF477912731B00700D31ABE /* Components */,
			);
			path = SecondUnit;
			sourceTree = "<group>";
		};
		EAF47768273178D100D31ABE /* FirstUnit */ = {
			isa = PBXGroup;
			children = (
				EAD9F1AA2734B5B90086F984 /* Storyboard */,
				EAF477922731B04300D31ABE /* ViewController */,
				EAF477992731B09300D31ABE /* Components */,
			);
			path = FirstUnit;
			sourceTree = "<group>";
		};
		EAF477772731855F00D31ABE /* Intro */ = {
			isa = PBXGroup;
			children = (
				EAF477782731856B00D31ABE /* IntroViewController.swift */,
				EAF4777A2731857200D31ABE /* Intro.storyboard */,
			);
			path = Intro;
			sourceTree = "<group>";
		};
		EAF47784273194E500D31ABE /* CollectionCell */ = {
			isa = PBXGroup;
			children = (
				EAF4777C2731934900D31ABE /* FirstUnitCollectionViewCell.swift */,
				EAF4777D2731934900D31ABE /* FirstUnitCollectionViewCell.xib */,
			);
			path = CollectionCell;
			sourceTree = "<group>";
		};
		EAF47785273194F200D31ABE /* CollectionCell */ = {
			isa = PBXGroup;
			children = (
				EAF477802731947500D31ABE /* SecondUnitCollectionViewCell.swift */,
				EAF477812731947500D31ABE /* SecondUnitCollectionViewCell.xib */,
			);
			path = CollectionCell;
			sourceTree = "<group>";
		};
		EAF4778A2731AF8F00D31ABE /* ViewController */ = {
			isa = PBXGroup;
			children = (
				EAD9F1B92734BB080086F984 /* ViewController */,
				EAD9F1B82734BAFF0086F984 /* ViewModel */,
			);
			path = ViewController;
			sourceTree = "<group>";
		};
		EAF477912731B00700D31ABE /* Components */ = {
			isa = PBXGroup;
			children = (
				EAD9F191273353570086F984 /* Graphs */,
				EAF477A727320BA900D31ABE /* Video */,
				EAD9F190273353520086F984 /* Quiz */,
			);
			path = Components;
			sourceTree = "<group>";
		};
		EAF477922731B04300D31ABE /* ViewController */ = {
			isa = PBXGroup;
			children = (
				EAD9F199273357AC0086F984 /* ViewController */,
				EAD9F19A273357B40086F984 /* ViewModel */,
			);
			path = ViewController;
			sourceTree = "<group>";
		};
		EAF477992731B09300D31ABE /* Components */ = {
			isa = PBXGroup;
			children = (
				EAD9F194273353700086F984 /* Graphs */,
				EAF477A62732099400D31ABE /* Viedos */,
				EAD9F1502732EC050086F984 /* Quiz */,
			);
			path = Components;
			sourceTree = "<group>";
		};
		EAF477A22731B10B00D31ABE /* Components */ = {
			isa = PBXGroup;
			children = (
				EAF4779A2731B0DC00D31ABE /* GoalsViewController.swift */,
				EAF4779C2731B0E700D31ABE /* WhyUsViewController.swift */,
				EAF4779E2731B0F400D31ABE /* ContactUsViewController.swift */,
				EAF477A02731B10600D31ABE /* WhoUsViewController.swift */,
			);
			path = Components;
			sourceTree = "<group>";
		};
		EAF477A32732092000D31ABE /* Protocols */ = {
			isa = PBXGroup;
			children = (
				EAF477A42732093000D31ABE /* Protocols.swift */,
			);
			path = Protocols;
			sourceTree = "<group>";
		};
		EAF477A62732099400D31ABE /* Viedos */ = {
			isa = PBXGroup;
			children = (
				EAD9F1B22734B8890086F984 /* Unit1Videos */,
				EAF477952731B07A00D31ABE /* FirstUnitVideosViewController.swift */,
				EAD9F1AB2734B5E40086F984 /* TableView Cell */,
			);
			path = Viedos;
			sourceTree = "<group>";
		};
		EAF477A727320BA900D31ABE /* Video */ = {
			isa = PBXGroup;
			children = (
				EAD9F1B32734BA010086F984 /* Unit2Videos */,
				EAD9F1BC2734BB420086F984 /* ViewController */,
				EAD9F1BB2734BB380086F984 /* TableViewCell */,
			);
			path = Video;
			sourceTree = "<group>";
		};
/* End PBXGroup section */

/* Begin PBXNativeTarget section */
		EA7DE4A2273010C500FB0C8B /* Nakd */ = {
			isa = PBXNativeTarget;
			buildConfigurationList = EA7DE4D0273010C700FB0C8B /* Build configuration list for PBXNativeTarget "Nakd" */;
			buildPhases = (
				2996FB75CEBC0D7C4955C437 /* [CP] Check Pods Manifest.lock */,
				EA7DE49F273010C500FB0C8B /* Sources */,
				EA7DE4A0273010C500FB0C8B /* Frameworks */,
				EA7DE4A1273010C500FB0C8B /* Resources */,
				6F317B2F5FB482369B23113D /* [CP] Embed Pods Frameworks */,
			);
			buildRules = (
			);
			dependencies = (
			);
			name = Nakd;
			productName = Nakd;
			productReference = EA7DE4A3273010C500FB0C8B /* Nakd.app */;
			productType = "com.apple.product-type.application";
		};
		EA7DE4BB273010C700FB0C8B /* NakdTests */ = {
			isa = PBXNativeTarget;
			buildConfigurationList = EA7DE4D3273010C700FB0C8B /* Build configuration list for PBXNativeTarget "NakdTests" */;
			buildPhases = (
				9ADAA7EBE1498A096B7D31BB /* [CP] Check Pods Manifest.lock */,
				EA7DE4B8273010C700FB0C8B /* Sources */,
				EA7DE4B9273010C700FB0C8B /* Frameworks */,
				EA7DE4BA273010C700FB0C8B /* Resources */,
			);
			buildRules = (
			);
			dependencies = (
				EA7DE4BE273010C700FB0C8B /* PBXTargetDependency */,
			);
			name = NakdTests;
			productName = NakdTests;
			productReference = EA7DE4BC273010C700FB0C8B /* NakdTests.xctest */;
			productType = "com.apple.product-type.bundle.unit-test";
		};
		EA7DE4C5273010C700FB0C8B /* NakdUITests */ = {
			isa = PBXNativeTarget;
			buildConfigurationList = EA7DE4D6273010C700FB0C8B /* Build configuration list for PBXNativeTarget "NakdUITests" */;
			buildPhases = (
				666F7F7F3F502814FB044FEE /* [CP] Check Pods Manifest.lock */,
				EA7DE4C2273010C700FB0C8B /* Sources */,
				EA7DE4C3273010C700FB0C8B /* Frameworks */,
				EA7DE4C4273010C700FB0C8B /* Resources */,
				CE514D7F87E4207B20C4D92E /* [CP] Embed Pods Frameworks */,
			);
			buildRules = (
			);
			dependencies = (
				EA7DE4C8273010C700FB0C8B /* PBXTargetDependency */,
			);
			name = NakdUITests;
			productName = NakdUITests;
			productReference = EA7DE4C6273010C700FB0C8B /* NakdUITests.xctest */;
			productType = "com.apple.product-type.bundle.ui-testing";
		};
/* End PBXNativeTarget section */

/* Begin PBXProject section */
		EA7DE49B273010C500FB0C8B /* Project object */ = {
			isa = PBXProject;
			attributes = {
				BuildIndependentTargetsInParallel = 1;
				LastSwiftUpdateCheck = 1310;
				LastUpgradeCheck = 1310;
				TargetAttributes = {
					EA7DE4A2273010C500FB0C8B = {
						CreatedOnToolsVersion = 13.1;
					};
					EA7DE4BB273010C700FB0C8B = {
						CreatedOnToolsVersion = 13.1;
						TestTargetID = EA7DE4A2273010C500FB0C8B;
					};
					EA7DE4C5273010C700FB0C8B = {
						CreatedOnToolsVersion = 13.1;
						TestTargetID = EA7DE4A2273010C500FB0C8B;
					};
				};
			};
			buildConfigurationList = EA7DE49E273010C500FB0C8B /* Build configuration list for PBXProject "Nakd" */;
			compatibilityVersion = "Xcode 13.0";
			developmentRegion = en;
			hasScannedForEncodings = 0;
			knownRegions = (
				en,
				Base,
				ar,
			);
			mainGroup = EA7DE49A273010C500FB0C8B;
			productRefGroup = EA7DE4A4273010C500FB0C8B /* Products */;
			projectDirPath = "";
			projectRoot = "";
			targets = (
				EA7DE4A2273010C500FB0C8B /* Nakd */,
				EA7DE4BB273010C700FB0C8B /* NakdTests */,
				EA7DE4C5273010C700FB0C8B /* NakdUITests */,
			);
		};
/* End PBXProject section */

/* Begin PBXResourcesBuildPhase section */
		EA7DE4A1273010C500FB0C8B /* Resources */ = {
			isa = PBXResourcesBuildPhase;
			buildActionMask = 2147483647;
			files = (
				EAD9F1B62734BA870086F984 /* SecondUnitVideo1.m4v in Resources */,
				EAD9F1B72734BA870086F984 /* SecondUnitVideo2.m4v in Resources */,
				EAD9F1B02734B8360086F984 /* FirstUnitVideo1.m4v in Resources */,
				EAD9F1B12734B8360086F984 /* FirstUnitVideo2.m4v in Resources */,
				EA7DE4B6273010C600FB0C8B /* LaunchScreen.storyboard in Resources */,
				EAD06A1527309A1900AFBE93 /* OthersTableViewCollectionCell.xib in Resources */,
				EAF477832731947500D31ABE /* SecondUnitCollectionViewCell.xib in Resources */,
				EAD9F18D27334B930086F984 /* failure.json in Resources */,
				EAF477582731435700D31ABE /* robot.json in Resources */,
				EAD9F1BF2734BE740086F984 /* FirstUnitGraph1.jpeg in Resources */,
				EAC3A00A27302C850038CB85 /* Tajawal-Regular.ttf in Resources */,
				EA7DE4E32730117900FB0C8B /* Localizable.strings in Resources */,
				EAC3A01027302C850038CB85 /* Tajawal-Black.ttf in Resources */,
				EAC3A00F27302C850038CB85 /* Tajawal-ExtraBold.ttf in Resources */,
				EA7DE4B3273010C600FB0C8B /* Assets.xcassets in Resources */,
				EAF477892731A98500D31ABE /* MoreCollectionsViewCell.xib in Resources */,
				EAF4777F2731934900D31ABE /* FirstUnitCollectionViewCell.xib in Resources */,
				EAD5540F273096F400F5F26B /* CategoriesCollectionViewCell.xib in Resources */,
				EAD9F1A227335BF50086F984 /* SecondUnitVideosTableViewCell.xib in Resources */,
				EAD06A112730998500AFBE93 /* OthersCollectionViewCell.xib in Resources */,
				EAD554022730952A00F5F26B /* CategoriesTableViewCollectionCell.xib in Resources */,
				EAF477762731798B00D31ABE /* Unit2.storyboard in Resources */,
				EAC3A00E27302C850038CB85 /* Tajawal-Medium.ttf in Resources */,
				EAF4776627315DCD00D31ABE /* Unit1.storyboard in Resources */,
				EAD9F1C32734BEFA0086F984 /* Unit2Graph1.jpeg in Resources */,
				EAC3A00B27302C850038CB85 /* Tajawal-Bold.ttf in Resources */,
				EAC3A00C27302C850038CB85 /* Tajawal-ExtraLight.ttf in Resources */,
				EAC3A00D27302C850038CB85 /* Tajawal-Light.ttf in Resources */,
				EA7DE4AE273010C500FB0C8B /* Main.storyboard in Resources */,
				EAD9F19E273359070086F984 /* FirstUnitVideosTableViewCell.xib in Resources */,
				EAF4777B2731857200D31ABE /* Intro.storyboard in Resources */,
				EAD9F1C02734BE740086F984 /* SecondUnitGraph2.jpeg in Resources */,
				EAD9F18F27334B9B0086F984 /* success.json in Resources */,
			);
			runOnlyForDeploymentPostprocessing = 0;
		};
		EA7DE4BA273010C700FB0C8B /* Resources */ = {
			isa = PBXResourcesBuildPhase;
			buildActionMask = 2147483647;
			files = (
			);
			runOnlyForDeploymentPostprocessing = 0;
		};
		EA7DE4C4273010C700FB0C8B /* Resources */ = {
			isa = PBXResourcesBuildPhase;
			buildActionMask = 2147483647;
			files = (
			);
			runOnlyForDeploymentPostprocessing = 0;
		};
/* End PBXResourcesBuildPhase section */

/* Begin PBXShellScriptBuildPhase section */
		2996FB75CEBC0D7C4955C437 /* [CP] Check Pods Manifest.lock */ = {
			isa = PBXShellScriptBuildPhase;
			buildActionMask = 2147483647;
			files = (
			);
			inputFileListPaths = (
			);
			inputPaths = (
				"${PODS_PODFILE_DIR_PATH}/Podfile.lock",
				"${PODS_ROOT}/Manifest.lock",
			);
			name = "[CP] Check Pods Manifest.lock";
			outputFileListPaths = (
			);
			outputPaths = (
				"$(DERIVED_FILE_DIR)/Pods-Nakd-checkManifestLockResult.txt",
			);
			runOnlyForDeploymentPostprocessing = 0;
			shellPath = /bin/sh;
			shellScript = "diff \"${PODS_PODFILE_DIR_PATH}/Podfile.lock\" \"${PODS_ROOT}/Manifest.lock\" > /dev/null\nif [ $? != 0 ] ; then\n    # print error to STDERR\n    echo \"error: The sandbox is not in sync with the Podfile.lock. Run 'pod install' or update your CocoaPods installation.\" >&2\n    exit 1\nfi\n# This output is used by Xcode 'outputs' to avoid re-running this script phase.\necho \"SUCCESS\" > \"${SCRIPT_OUTPUT_FILE_0}\"\n";
			showEnvVarsInLog = 0;
		};
		666F7F7F3F502814FB044FEE /* [CP] Check Pods Manifest.lock */ = {
			isa = PBXShellScriptBuildPhase;
			buildActionMask = 2147483647;
			files = (
			);
			inputFileListPaths = (
			);
			inputPaths = (
				"${PODS_PODFILE_DIR_PATH}/Podfile.lock",
				"${PODS_ROOT}/Manifest.lock",
			);
			name = "[CP] Check Pods Manifest.lock";
			outputFileListPaths = (
			);
			outputPaths = (
				"$(DERIVED_FILE_DIR)/Pods-Nakd-NakdUITests-checkManifestLockResult.txt",
			);
			runOnlyForDeploymentPostprocessing = 0;
			shellPath = /bin/sh;
			shellScript = "diff \"${PODS_PODFILE_DIR_PATH}/Podfile.lock\" \"${PODS_ROOT}/Manifest.lock\" > /dev/null\nif [ $? != 0 ] ; then\n    # print error to STDERR\n    echo \"error: The sandbox is not in sync with the Podfile.lock. Run 'pod install' or update your CocoaPods installation.\" >&2\n    exit 1\nfi\n# This output is used by Xcode 'outputs' to avoid re-running this script phase.\necho \"SUCCESS\" > \"${SCRIPT_OUTPUT_FILE_0}\"\n";
			showEnvVarsInLog = 0;
		};
		6F317B2F5FB482369B23113D /* [CP] Embed Pods Frameworks */ = {
			isa = PBXShellScriptBuildPhase;
			buildActionMask = 2147483647;
			files = (
			);
			inputFileListPaths = (
				"${PODS_ROOT}/Target Support Files/Pods-Nakd/Pods-Nakd-frameworks-${CONFIGURATION}-input-files.xcfilelist",
			);
			name = "[CP] Embed Pods Frameworks";
			outputFileListPaths = (
				"${PODS_ROOT}/Target Support Files/Pods-Nakd/Pods-Nakd-frameworks-${CONFIGURATION}-output-files.xcfilelist",
			);
			runOnlyForDeploymentPostprocessing = 0;
			shellPath = /bin/sh;
			shellScript = "\"${PODS_ROOT}/Target Support Files/Pods-Nakd/Pods-Nakd-frameworks.sh\"\n";
			showEnvVarsInLog = 0;
		};
		9ADAA7EBE1498A096B7D31BB /* [CP] Check Pods Manifest.lock */ = {
			isa = PBXShellScriptBuildPhase;
			buildActionMask = 2147483647;
			files = (
			);
			inputFileListPaths = (
			);
			inputPaths = (
				"${PODS_PODFILE_DIR_PATH}/Podfile.lock",
				"${PODS_ROOT}/Manifest.lock",
			);
			name = "[CP] Check Pods Manifest.lock";
			outputFileListPaths = (
			);
			outputPaths = (
				"$(DERIVED_FILE_DIR)/Pods-NakdTests-checkManifestLockResult.txt",
			);
			runOnlyForDeploymentPostprocessing = 0;
			shellPath = /bin/sh;
			shellScript = "diff \"${PODS_PODFILE_DIR_PATH}/Podfile.lock\" \"${PODS_ROOT}/Manifest.lock\" > /dev/null\nif [ $? != 0 ] ; then\n    # print error to STDERR\n    echo \"error: The sandbox is not in sync with the Podfile.lock. Run 'pod install' or update your CocoaPods installation.\" >&2\n    exit 1\nfi\n# This output is used by Xcode 'outputs' to avoid re-running this script phase.\necho \"SUCCESS\" > \"${SCRIPT_OUTPUT_FILE_0}\"\n";
			showEnvVarsInLog = 0;
		};
		CE514D7F87E4207B20C4D92E /* [CP] Embed Pods Frameworks */ = {
			isa = PBXShellScriptBuildPhase;
			buildActionMask = 2147483647;
			files = (
			);
			inputFileListPaths = (
				"${PODS_ROOT}/Target Support Files/Pods-Nakd-NakdUITests/Pods-Nakd-NakdUITests-frameworks-${CONFIGURATION}-input-files.xcfilelist",
			);
			name = "[CP] Embed Pods Frameworks";
			outputFileListPaths = (
				"${PODS_ROOT}/Target Support Files/Pods-Nakd-NakdUITests/Pods-Nakd-NakdUITests-frameworks-${CONFIGURATION}-output-files.xcfilelist",
			);
			runOnlyForDeploymentPostprocessing = 0;
			shellPath = /bin/sh;
			shellScript = "\"${PODS_ROOT}/Target Support Files/Pods-Nakd-NakdUITests/Pods-Nakd-NakdUITests-frameworks.sh\"\n";
			showEnvVarsInLog = 0;
		};
/* End PBXShellScriptBuildPhase section */

/* Begin PBXSourcesBuildPhase section */
		EA7DE49F273010C500FB0C8B /* Sources */ = {
			isa = PBXSourcesBuildPhase;
			buildActionMask = 2147483647;
			files = (
				EA67D1862734CA2B00823AC5 /* LoginViewController.swift in Sources */,
				EA7DE4AB273010C500FB0C8B /* HomeViewController.swift in Sources */,
				EAD9F1C52734BFCF0086F984 /* FirstUnitImageViewController.swift in Sources */,
				EAC3A01F27303C6F0038CB85 /* MoreViewController.swift in Sources */,
				EAC3A01327302D020038CB85 /* TableViewExt.swift in Sources */,
				EA7DE4A7273010C500FB0C8B /* AppDelegate.swift in Sources */,
				EAF4779B2731B0DC00D31ABE /* GoalsViewController.swift in Sources */,
				EAC3A02527303DFC0038CB85 /* AppCordinator.swift in Sources */,
				EAF477562731431C00D31ABE /* SplashViewController.swift in Sources */,
				EAD9F1A127335BF50086F984 /* SecondUnitVideosTableViewCell.swift in Sources */,
				EA7DE4E5273011E600FB0C8B /* Localizable.swift in Sources */,
				EAF477792731856B00D31ABE /* IntroViewController.swift in Sources */,
				EA7DE4A9273010C500FB0C8B /* SceneDelegate.swift in Sources */,
				EAD9F19D273359070086F984 /* FirstUnitVideosTableViewCell.swift in Sources */,
				EAC3A02127303D160038CB85 /* MoreViewModel.swift in Sources */,
				EA7DE4E82730131F00FB0C8B /* Fonts.swift in Sources */,
				EAC3A01827303BCB0038CB85 /* TabBarCordinator.swift in Sources */,
				EAD9F1C82734C2440086F984 /* SecondUnitImageViewController.swift in Sources */,
				EAD554012730952A00F5F26B /* CategoriesTableViewCollectionCell.swift in Sources */,
				EAC3A01C27303C090038CB85 /* MoreRouter.swift in Sources */,
				EAF477902731AFFA00D31ABE /* SecondUnitVideosViewController.swift in Sources */,
				EA7DE4B1273010C500FB0C8B /* Nakd.xcdatamodeld in Sources */,
				EAD9F198273353980086F984 /* SecondUnitQuestionBank.swift in Sources */,
				EAD9F1542732EC220086F984 /* FirstUnitQuestionBank.swift in Sources */,
				EAD9F1A927335DE10086F984 /* FinalQuizQuestionBank.swift in Sources */,
				EAF4775C27315D2E00D31ABE /* FirstUnitViewController.swift in Sources */,
				EAD06A1427309A1900AFBE93 /* OthersTableViewCollectionCell.swift in Sources */,
				EAF4776427315D5E00D31ABE /* FirstUnitFormViewController.swift in Sources */,
				EA7DE4EA2730133300FB0C8B /* Storyboarded.swift in Sources */,
				EAD06A102730998500AFBE93 /* OthersCollectionViewCell.swift in Sources */,
				EAF477962731B07A00D31ABE /* FirstUnitVideosViewController.swift in Sources */,
				EAF4776027315D4500D31ABE /* FirstUnitViewModel.swift in Sources */,
				EAF4776A273178F200D31ABE /* SecondUnitViewController.swift in Sources */,
				EAD9F1A727335DD60086F984 /* FinalQuizQuestions.swift in Sources */,
				EA67D1832734C53900823AC5 /* MoreDetailViewController.swift in Sources */,
				EAF4776C2731790900D31ABE /* SecondUnitViewModel.swift in Sources */,
				EAF477A12731B10600D31ABE /* WhoUsViewController.swift in Sources */,
				EAD9F196273353880086F984 /* SecondUnitQuestion.swift in Sources */,
				EAF477A52732093000D31ABE /* Protocols.swift in Sources */,
				EAC3A0162730387A0038CB85 /* Constants.swift in Sources */,
				EAF477822731947500D31ABE /* SecondUnitCollectionViewCell.swift in Sources */,
				EAD9F1A527335D7C0086F984 /* FinalQuizViewController.swift in Sources */,
				EAD5540E273096F400F5F26B /* CategoriesCollectionViewCell.swift in Sources */,
				EAF477702731792300D31ABE /* SecondUnitFormViewController.swift in Sources */,
				EAF4779D2731B0E700D31ABE /* WhyUsViewController.swift in Sources */,
				EAC3A02727303E500038CB85 /* TabBarVC.swift in Sources */,
				EAC3A02327303D1F0038CB85 /* HomeViewModel.swift in Sources */,
				EAF4777E2731934900D31ABE /* FirstUnitCollectionViewCell.swift in Sources */,
				EAC3A01A27303C010038CB85 /* HomeRouter.swift in Sources */,
				EAD9F1522732EC180086F984 /* FirstUnitQuestion.swift in Sources */,
				EAF4778C2731AFC100D31ABE /* SecondUnitGraphsViewController.swift in Sources */,
				EAF477882731A98500D31ABE /* MoreCollectionsViewCell.swift in Sources */,
				EAF477942731B05F00D31ABE /* FirstUnitGraphsViewController.swift in Sources */,
				EAF4779F2731B0F400D31ABE /* ContactUsViewController.swift in Sources */,
			);
			runOnlyForDeploymentPostprocessing = 0;
		};
		EA7DE4B8273010C700FB0C8B /* Sources */ = {
			isa = PBXSourcesBuildPhase;
			buildActionMask = 2147483647;
			files = (
				EA7DE4C1273010C700FB0C8B /* NakdTests.swift in Sources */,
			);
			runOnlyForDeploymentPostprocessing = 0;
		};
		EA7DE4C2273010C700FB0C8B /* Sources */ = {
			isa = PBXSourcesBuildPhase;
			buildActionMask = 2147483647;
			files = (
				EA7DE4CD273010C700FB0C8B /* NakdUITestsLaunchTests.swift in Sources */,
				EA7DE4CB273010C700FB0C8B /* NakdUITests.swift in Sources */,
			);
			runOnlyForDeploymentPostprocessing = 0;
		};
/* End PBXSourcesBuildPhase section */

/* Begin PBXTargetDependency section */
		EA7DE4BE273010C700FB0C8B /* PBXTargetDependency */ = {
			isa = PBXTargetDependency;
			target = EA7DE4A2273010C500FB0C8B /* Nakd */;
			targetProxy = EA7DE4BD273010C700FB0C8B /* PBXContainerItemProxy */;
		};
		EA7DE4C8273010C700FB0C8B /* PBXTargetDependency */ = {
			isa = PBXTargetDependency;
			target = EA7DE4A2273010C500FB0C8B /* Nakd */;
			targetProxy = EA7DE4C7273010C700FB0C8B /* PBXContainerItemProxy */;
		};
/* End PBXTargetDependency section */

/* Begin PBXVariantGroup section */
		EA7DE4AC273010C500FB0C8B /* Main.storyboard */ = {
			isa = PBXVariantGroup;
			children = (
				EA7DE4AD273010C500FB0C8B /* Base */,
				EAC3A028273041890038CB85 /* ar */,
			);
			name = Main.storyboard;
			sourceTree = "<group>";
		};
		EA7DE4B4273010C600FB0C8B /* LaunchScreen.storyboard */ = {
			isa = PBXVariantGroup;
			children = (
				EA7DE4B5273010C600FB0C8B /* Base */,
				EAC3A0292730418A0038CB85 /* ar */,
			);
			name = LaunchScreen.storyboard;
			sourceTree = "<group>";
		};
/* End PBXVariantGroup section */

/* Begin XCBuildConfiguration section */
		EA7DE4CE273010C700FB0C8B /* Debug */ = {
			isa = XCBuildConfiguration;
			buildSettings = {
				ALWAYS_SEARCH_USER_PATHS = NO;
				CLANG_ANALYZER_LOCALIZABILITY_NONLOCALIZED = YES;
				CLANG_ANALYZER_NONNULL = YES;
				CLANG_ANALYZER_NUMBER_OBJECT_CONVERSION = YES_AGGRESSIVE;
				CLANG_CXX_LANGUAGE_STANDARD = "gnu++17";
				CLANG_CXX_LIBRARY = "libc++";
				CLANG_ENABLE_MODULES = YES;
				CLANG_ENABLE_OBJC_ARC = YES;
				CLANG_ENABLE_OBJC_WEAK = YES;
				CLANG_WARN_BLOCK_CAPTURE_AUTORELEASING = YES;
				CLANG_WARN_BOOL_CONVERSION = YES;
				CLANG_WARN_COMMA = YES;
				CLANG_WARN_CONSTANT_CONVERSION = YES;
				CLANG_WARN_DEPRECATED_OBJC_IMPLEMENTATIONS = YES;
				CLANG_WARN_DIRECT_OBJC_ISA_USAGE = YES_ERROR;
				CLANG_WARN_DOCUMENTATION_COMMENTS = YES;
				CLANG_WARN_EMPTY_BODY = YES;
				CLANG_WARN_ENUM_CONVERSION = YES;
				CLANG_WARN_INFINITE_RECURSION = YES;
				CLANG_WARN_INT_CONVERSION = YES;
				CLANG_WARN_NON_LITERAL_NULL_CONVERSION = YES;
				CLANG_WARN_OBJC_IMPLICIT_RETAIN_SELF = YES;
				CLANG_WARN_OBJC_LITERAL_CONVERSION = YES;
				CLANG_WARN_OBJC_ROOT_CLASS = YES_ERROR;
				CLANG_WARN_QUOTED_INCLUDE_IN_FRAMEWORK_HEADER = YES;
				CLANG_WARN_RANGE_LOOP_ANALYSIS = YES;
				CLANG_WARN_STRICT_PROTOTYPES = YES;
				CLANG_WARN_SUSPICIOUS_MOVE = YES;
				CLANG_WARN_UNGUARDED_AVAILABILITY = YES_AGGRESSIVE;
				CLANG_WARN_UNREACHABLE_CODE = YES;
				CLANG_WARN__DUPLICATE_METHOD_MATCH = YES;
				COPY_PHASE_STRIP = NO;
				DEBUG_INFORMATION_FORMAT = dwarf;
				ENABLE_STRICT_OBJC_MSGSEND = YES;
				ENABLE_TESTABILITY = YES;
				GCC_C_LANGUAGE_STANDARD = gnu11;
				GCC_DYNAMIC_NO_PIC = NO;
				GCC_NO_COMMON_BLOCKS = YES;
				GCC_OPTIMIZATION_LEVEL = 0;
				GCC_PREPROCESSOR_DEFINITIONS = (
					"DEBUG=1",
					"$(inherited)",
				);
				GCC_WARN_64_TO_32_BIT_CONVERSION = YES;
				GCC_WARN_ABOUT_RETURN_TYPE = YES_ERROR;
				GCC_WARN_UNDECLARED_SELECTOR = YES;
				GCC_WARN_UNINITIALIZED_AUTOS = YES_AGGRESSIVE;
				GCC_WARN_UNUSED_FUNCTION = YES;
				GCC_WARN_UNUSED_VARIABLE = YES;
				IPHONEOS_DEPLOYMENT_TARGET = 15.0;
				MTL_ENABLE_DEBUG_INFO = INCLUDE_SOURCE;
				MTL_FAST_MATH = YES;
				ONLY_ACTIVE_ARCH = YES;
				SDKROOT = iphoneos;
				SWIFT_ACTIVE_COMPILATION_CONDITIONS = DEBUG;
				SWIFT_OPTIMIZATION_LEVEL = "-Onone";
			};
			name = Debug;
		};
		EA7DE4CF273010C700FB0C8B /* Release */ = {
			isa = XCBuildConfiguration;
			buildSettings = {
				ALWAYS_SEARCH_USER_PATHS = NO;
				CLANG_ANALYZER_LOCALIZABILITY_NONLOCALIZED = YES;
				CLANG_ANALYZER_NONNULL = YES;
				CLANG_ANALYZER_NUMBER_OBJECT_CONVERSION = YES_AGGRESSIVE;
				CLANG_CXX_LANGUAGE_STANDARD = "gnu++17";
				CLANG_CXX_LIBRARY = "libc++";
				CLANG_ENABLE_MODULES = YES;
				CLANG_ENABLE_OBJC_ARC = YES;
				CLANG_ENABLE_OBJC_WEAK = YES;
				CLANG_WARN_BLOCK_CAPTURE_AUTORELEASING = YES;
				CLANG_WARN_BOOL_CONVERSION = YES;
				CLANG_WARN_COMMA = YES;
				CLANG_WARN_CONSTANT_CONVERSION = YES;
				CLANG_WARN_DEPRECATED_OBJC_IMPLEMENTATIONS = YES;
				CLANG_WARN_DIRECT_OBJC_ISA_USAGE = YES_ERROR;
				CLANG_WARN_DOCUMENTATION_COMMENTS = YES;
				CLANG_WARN_EMPTY_BODY = YES;
				CLANG_WARN_ENUM_CONVERSION = YES;
				CLANG_WARN_INFINITE_RECURSION = YES;
				CLANG_WARN_INT_CONVERSION = YES;
				CLANG_WARN_NON_LITERAL_NULL_CONVERSION = YES;
				CLANG_WARN_OBJC_IMPLICIT_RETAIN_SELF = YES;
				CLANG_WARN_OBJC_LITERAL_CONVERSION = YES;
				CLANG_WARN_OBJC_ROOT_CLASS = YES_ERROR;
				CLANG_WARN_QUOTED_INCLUDE_IN_FRAMEWORK_HEADER = YES;
				CLANG_WARN_RANGE_LOOP_ANALYSIS = YES;
				CLANG_WARN_STRICT_PROTOTYPES = YES;
				CLANG_WARN_SUSPICIOUS_MOVE = YES;
				CLANG_WARN_UNGUARDED_AVAILABILITY = YES_AGGRESSIVE;
				CLANG_WARN_UNREACHABLE_CODE = YES;
				CLANG_WARN__DUPLICATE_METHOD_MATCH = YES;
				COPY_PHASE_STRIP = NO;
				DEBUG_INFORMATION_FORMAT = "dwarf-with-dsym";
				ENABLE_NS_ASSERTIONS = NO;
				ENABLE_STRICT_OBJC_MSGSEND = YES;
				GCC_C_LANGUAGE_STANDARD = gnu11;
				GCC_NO_COMMON_BLOCKS = YES;
				GCC_WARN_64_TO_32_BIT_CONVERSION = YES;
				GCC_WARN_ABOUT_RETURN_TYPE = YES_ERROR;
				GCC_WARN_UNDECLARED_SELECTOR = YES;
				GCC_WARN_UNINITIALIZED_AUTOS = YES_AGGRESSIVE;
				GCC_WARN_UNUSED_FUNCTION = YES;
				GCC_WARN_UNUSED_VARIABLE = YES;
				IPHONEOS_DEPLOYMENT_TARGET = 15.0;
				MTL_ENABLE_DEBUG_INFO = NO;
				MTL_FAST_MATH = YES;
				SDKROOT = iphoneos;
				SWIFT_COMPILATION_MODE = wholemodule;
				SWIFT_OPTIMIZATION_LEVEL = "-O";
				VALIDATE_PRODUCT = YES;
			};
			name = Release;
		};
		EA7DE4D1273010C700FB0C8B /* Debug */ = {
			isa = XCBuildConfiguration;
			baseConfigurationReference = C0A0710E9EAFB41DAE772A98 /* Pods-Nakd.debug.xcconfig */;
			buildSettings = {
				ASSETCATALOG_COMPILER_APPICON_NAME = AppIcon;
				ASSETCATALOG_COMPILER_GLOBAL_ACCENT_COLOR_NAME = AccentColor;
				CODE_SIGN_STYLE = Automatic;
				CURRENT_PROJECT_VERSION = 1;
				DEVELOPMENT_TEAM = H368HQSP2D;
				GENERATE_INFOPLIST_FILE = YES;
				INFOPLIST_FILE = Nakd/Info.plist;
				INFOPLIST_KEY_UIApplicationSupportsIndirectInputEvents = YES;
				INFOPLIST_KEY_UILaunchStoryboardName = LaunchScreen;
				INFOPLIST_KEY_UIMainStoryboardFile = Main;
				INFOPLIST_KEY_UISupportedInterfaceOrientations_iPad = "UIInterfaceOrientationPortrait UIInterfaceOrientationPortraitUpsideDown UIInterfaceOrientationLandscapeLeft UIInterfaceOrientationLandscapeRight";
				INFOPLIST_KEY_UISupportedInterfaceOrientations_iPhone = "UIInterfaceOrientationPortrait UIInterfaceOrientationLandscapeLeft UIInterfaceOrientationLandscapeRight";
				LD_RUNPATH_SEARCH_PATHS = (
					"$(inherited)",
					"@executable_path/Frameworks",
				);
				MARKETING_VERSION = 1.0;
				PRODUCT_BUNDLE_IDENTIFIER = com.Nakd.ProductName.Nakd;
				PRODUCT_NAME = "$(TARGET_NAME)";
				SWIFT_EMIT_LOC_STRINGS = YES;
				SWIFT_VERSION = 5.0;
				TARGETED_DEVICE_FAMILY = "1,2";
			};
			name = Debug;
		};
		EA7DE4D2273010C700FB0C8B /* Release */ = {
			isa = XCBuildConfiguration;
			baseConfigurationReference = 0A7A978AF0A65504356FCB9C /* Pods-Nakd.release.xcconfig */;
			buildSettings = {
				ASSETCATALOG_COMPILER_APPICON_NAME = AppIcon;
				ASSETCATALOG_COMPILER_GLOBAL_ACCENT_COLOR_NAME = AccentColor;
				CODE_SIGN_STYLE = Automatic;
				CURRENT_PROJECT_VERSION = 1;
				DEVELOPMENT_TEAM = H368HQSP2D;
				GENERATE_INFOPLIST_FILE = YES;
				INFOPLIST_FILE = Nakd/Info.plist;
				INFOPLIST_KEY_UIApplicationSupportsIndirectInputEvents = YES;
				INFOPLIST_KEY_UILaunchStoryboardName = LaunchScreen;
				INFOPLIST_KEY_UIMainStoryboardFile = Main;
				INFOPLIST_KEY_UISupportedInterfaceOrientations_iPad = "UIInterfaceOrientationPortrait UIInterfaceOrientationPortraitUpsideDown UIInterfaceOrientationLandscapeLeft UIInterfaceOrientationLandscapeRight";
				INFOPLIST_KEY_UISupportedInterfaceOrientations_iPhone = "UIInterfaceOrientationPortrait UIInterfaceOrientationLandscapeLeft UIInterfaceOrientationLandscapeRight";
				LD_RUNPATH_SEARCH_PATHS = (
					"$(inherited)",
					"@executable_path/Frameworks",
				);
				MARKETING_VERSION = 1.0;
				PRODUCT_BUNDLE_IDENTIFIER = com.Nakd.ProductName.Nakd;
				PRODUCT_NAME = "$(TARGET_NAME)";
				SWIFT_EMIT_LOC_STRINGS = YES;
				SWIFT_VERSION = 5.0;
				TARGETED_DEVICE_FAMILY = "1,2";
			};
			name = Release;
		};
		EA7DE4D4273010C700FB0C8B /* Debug */ = {
			isa = XCBuildConfiguration;
			baseConfigurationReference = 681615E0BF22AFFBF843289A /* Pods-NakdTests.debug.xcconfig */;
			buildSettings = {
				ALWAYS_EMBED_SWIFT_STANDARD_LIBRARIES = YES;
				BUNDLE_LOADER = "$(TEST_HOST)";
				CODE_SIGN_STYLE = Automatic;
				CURRENT_PROJECT_VERSION = 1;
				DEVELOPMENT_TEAM = H368HQSP2D;
				GENERATE_INFOPLIST_FILE = YES;
				IPHONEOS_DEPLOYMENT_TARGET = 15.0;
				LD_RUNPATH_SEARCH_PATHS = (
					"$(inherited)",
					"@executable_path/Frameworks",
					"@loader_path/Frameworks",
				);
				MARKETING_VERSION = 1.0;
				PRODUCT_BUNDLE_IDENTIFIER = com.Nakd.ProductName.NakdTests;
				PRODUCT_NAME = "$(TARGET_NAME)";
				SWIFT_EMIT_LOC_STRINGS = NO;
				SWIFT_VERSION = 5.0;
				TARGETED_DEVICE_FAMILY = "1,2";
				TEST_HOST = "$(BUILT_PRODUCTS_DIR)/Nakd.app/Nakd";
			};
			name = Debug;
		};
		EA7DE4D5273010C700FB0C8B /* Release */ = {
			isa = XCBuildConfiguration;
			baseConfigurationReference = CD1372BD917C57430E0D707B /* Pods-NakdTests.release.xcconfig */;
			buildSettings = {
				ALWAYS_EMBED_SWIFT_STANDARD_LIBRARIES = YES;
				BUNDLE_LOADER = "$(TEST_HOST)";
				CODE_SIGN_STYLE = Automatic;
				CURRENT_PROJECT_VERSION = 1;
				DEVELOPMENT_TEAM = H368HQSP2D;
				GENERATE_INFOPLIST_FILE = YES;
				IPHONEOS_DEPLOYMENT_TARGET = 15.0;
				LD_RUNPATH_SEARCH_PATHS = (
					"$(inherited)",
					"@executable_path/Frameworks",
					"@loader_path/Frameworks",
				);
				MARKETING_VERSION = 1.0;
				PRODUCT_BUNDLE_IDENTIFIER = com.Nakd.ProductName.NakdTests;
				PRODUCT_NAME = "$(TARGET_NAME)";
				SWIFT_EMIT_LOC_STRINGS = NO;
				SWIFT_VERSION = 5.0;
				TARGETED_DEVICE_FAMILY = "1,2";
				TEST_HOST = "$(BUILT_PRODUCTS_DIR)/Nakd.app/Nakd";
			};
			name = Release;
		};
		EA7DE4D7273010C700FB0C8B /* Debug */ = {
			isa = XCBuildConfiguration;
			baseConfigurationReference = A041BF2FBA2BA0F15B7E36E6 /* Pods-Nakd-NakdUITests.debug.xcconfig */;
			buildSettings = {
				ALWAYS_EMBED_SWIFT_STANDARD_LIBRARIES = YES;
				CODE_SIGN_STYLE = Automatic;
				CURRENT_PROJECT_VERSION = 1;
				DEVELOPMENT_TEAM = H368HQSP2D;
				GENERATE_INFOPLIST_FILE = YES;
				LD_RUNPATH_SEARCH_PATHS = (
					"$(inherited)",
					"@executable_path/Frameworks",
					"@loader_path/Frameworks",
				);
				MARKETING_VERSION = 1.0;
				PRODUCT_BUNDLE_IDENTIFIER = com.Nakd.ProductName.NakdUITests;
				PRODUCT_NAME = "$(TARGET_NAME)";
				SWIFT_EMIT_LOC_STRINGS = NO;
				SWIFT_VERSION = 5.0;
				TARGETED_DEVICE_FAMILY = "1,2";
				TEST_TARGET_NAME = Nakd;
			};
			name = Debug;
		};
		EA7DE4D8273010C700FB0C8B /* Release */ = {
			isa = XCBuildConfiguration;
			baseConfigurationReference = A2F8B2A857351B00F0281D2A /* Pods-Nakd-NakdUITests.release.xcconfig */;
			buildSettings = {
				ALWAYS_EMBED_SWIFT_STANDARD_LIBRARIES = YES;
				CODE_SIGN_STYLE = Automatic;
				CURRENT_PROJECT_VERSION = 1;
				DEVELOPMENT_TEAM = H368HQSP2D;
				GENERATE_INFOPLIST_FILE = YES;
				LD_RUNPATH_SEARCH_PATHS = (
					"$(inherited)",
					"@executable_path/Frameworks",
					"@loader_path/Frameworks",
				);
				MARKETING_VERSION = 1.0;
				PRODUCT_BUNDLE_IDENTIFIER = com.Nakd.ProductName.NakdUITests;
				PRODUCT_NAME = "$(TARGET_NAME)";
				SWIFT_EMIT_LOC_STRINGS = NO;
				SWIFT_VERSION = 5.0;
				TARGETED_DEVICE_FAMILY = "1,2";
				TEST_TARGET_NAME = Nakd;
			};
			name = Release;
		};
/* End XCBuildConfiguration section */

/* Begin XCConfigurationList section */
		EA7DE49E273010C500FB0C8B /* Build configuration list for PBXProject "Nakd" */ = {
			isa = XCConfigurationList;
			buildConfigurations = (
				EA7DE4CE273010C700FB0C8B /* Debug */,
				EA7DE4CF273010C700FB0C8B /* Release */,
			);
			defaultConfigurationIsVisible = 0;
			defaultConfigurationName = Release;
		};
		EA7DE4D0273010C700FB0C8B /* Build configuration list for PBXNativeTarget "Nakd" */ = {
			isa = XCConfigurationList;
			buildConfigurations = (
				EA7DE4D1273010C700FB0C8B /* Debug */,
				EA7DE4D2273010C700FB0C8B /* Release */,
			);
			defaultConfigurationIsVisible = 0;
			defaultConfigurationName = Release;
		};
		EA7DE4D3273010C700FB0C8B /* Build configuration list for PBXNativeTarget "NakdTests" */ = {
			isa = XCConfigurationList;
			buildConfigurations = (
				EA7DE4D4273010C700FB0C8B /* Debug */,
				EA7DE4D5273010C700FB0C8B /* Release */,
			);
			defaultConfigurationIsVisible = 0;
			defaultConfigurationName = Release;
		};
		EA7DE4D6273010C700FB0C8B /* Build configuration list for PBXNativeTarget "NakdUITests" */ = {
			isa = XCConfigurationList;
			buildConfigurations = (
				EA7DE4D7273010C700FB0C8B /* Debug */,
				EA7DE4D8273010C700FB0C8B /* Release */,
			);
			defaultConfigurationIsVisible = 0;
			defaultConfigurationName = Release;
		};
/* End XCConfigurationList section */

/* Begin XCVersionGroup section */
		EA7DE4AF273010C500FB0C8B /* Nakd.xcdatamodeld */ = {
			isa = XCVersionGroup;
			children = (
				EA7DE4B0273010C500FB0C8B /* Nakd.xcdatamodel */,
			);
			currentVersion = EA7DE4B0273010C500FB0C8B /* Nakd.xcdatamodel */;
			path = Nakd.xcdatamodeld;
			sourceTree = "<group>";
			versionGroupType = wrapper.xcdatamodel;
		};
/* End XCVersionGroup section */
	};
	rootObject = EA7DE49B273010C500FB0C8B /* Project object */;
}
